// !$*UTF8*$!
{
	archiveVersion = 1;
	classes = {
	};
	objectVersion = 51;
	objects = {

/* Begin PBXBuildFile section */
		020E146B2697759E0008946C /* MockMatchModuleOutput.swift in Sources */ = {isa = PBXBuildFile; fileRef = 020E146A2697759E0008946C /* MockMatchModuleOutput.swift */; };
		0245409D25C33565003C0C83 /* MatchData.swift in Sources */ = {isa = PBXBuildFile; fileRef = 0245409C25C33565003C0C83 /* MatchData.swift */; };
		02615EB1255DB7AC00326EF0 /* MatchInterfaces.swift in Sources */ = {isa = PBXBuildFile; fileRef = 02615EA3255DB7AC00326EF0 /* MatchInterfaces.swift */; };
		02615EB2255DB7AC00326EF0 /* MatchPresenter.swift in Sources */ = {isa = PBXBuildFile; fileRef = 02615EA5255DB7AC00326EF0 /* MatchPresenter.swift */; };
		02615EB4255DB7AC00326EF0 /* MatchViewController.swift in Sources */ = {isa = PBXBuildFile; fileRef = 02615EA8255DB7AC00326EF0 /* MatchViewController.swift */; };
		02615EB5255DB7AC00326EF0 /* MatchModuleBuilder.swift in Sources */ = {isa = PBXBuildFile; fileRef = 02615EAA255DB7AC00326EF0 /* MatchModuleBuilder.swift */; };
		02615EB6255DB7AC00326EF0 /* MatchInteractorInput.swift in Sources */ = {isa = PBXBuildFile; fileRef = 02615EAC255DB7AC00326EF0 /* MatchInteractorInput.swift */; };
		02615EB7255DB7AC00326EF0 /* MatchInteractorOutput.swift in Sources */ = {isa = PBXBuildFile; fileRef = 02615EAD255DB7AC00326EF0 /* MatchInteractorOutput.swift */; };
		02615EB8255DB7AC00326EF0 /* MatchInteractor.swift in Sources */ = {isa = PBXBuildFile; fileRef = 02615EAE255DB7AC00326EF0 /* MatchInteractor.swift */; };
		02615EB9255DB7AC00326EF0 /* MatchRouter.swift in Sources */ = {isa = PBXBuildFile; fileRef = 02615EB0255DB7AC00326EF0 /* MatchRouter.swift */; };
		0278BB5F263B1B5C0062DC40 /* MatchDataTests.swift in Sources */ = {isa = PBXBuildFile; fileRef = 0278BB5E263B1B5C0062DC40 /* MatchDataTests.swift */; };
		0280A04625E82D6F00D6A599 /* MatchViewDataModelTests.swift in Sources */ = {isa = PBXBuildFile; fileRef = 0280A04525E82D6F00D6A599 /* MatchViewDataModelTests.swift */; };
		028148092656DDE100B1919F /* MatchScorePresenter.swift in Sources */ = {isa = PBXBuildFile; fileRef = 028147FC2656DDE100B1919F /* MatchScorePresenter.swift */; };
		0281480A2656DDE100B1919F /* MatchScore.storyboard in Resources */ = {isa = PBXBuildFile; fileRef = 028147FE2656DDE100B1919F /* MatchScore.storyboard */; };
		0281480B2656DDE100B1919F /* MatchScoreViewController.swift in Sources */ = {isa = PBXBuildFile; fileRef = 028147FF2656DDE100B1919F /* MatchScoreViewController.swift */; };
		0281480C2656DDE100B1919F /* MatchScoreModuleBuilder.swift in Sources */ = {isa = PBXBuildFile; fileRef = 028148012656DDE100B1919F /* MatchScoreModuleBuilder.swift */; };
		0281480D2656DDE100B1919F /* MatchScoreInteractorInput.swift in Sources */ = {isa = PBXBuildFile; fileRef = 028148032656DDE100B1919F /* MatchScoreInteractorInput.swift */; };
		0281480E2656DDE100B1919F /* MatchScoreInteractorOutput.swift in Sources */ = {isa = PBXBuildFile; fileRef = 028148042656DDE100B1919F /* MatchScoreInteractorOutput.swift */; };
		0281480F2656DDE100B1919F /* MatchScoreInteractor.swift in Sources */ = {isa = PBXBuildFile; fileRef = 028148052656DDE100B1919F /* MatchScoreInteractor.swift */; };
		028148102656DDE100B1919F /* MatchScoreInterfaces.swift in Sources */ = {isa = PBXBuildFile; fileRef = 028148062656DDE100B1919F /* MatchScoreInterfaces.swift */; };
		028148112656DDE100B1919F /* MatchScoreRouter.swift in Sources */ = {isa = PBXBuildFile; fileRef = 028148082656DDE100B1919F /* MatchScoreRouter.swift */; };
		028D2A8D25A7672A00D2A76A /* Match.storyboard in Resources */ = {isa = PBXBuildFile; fileRef = 028D2A8C25A7672A00D2A76A /* Match.storyboard */; };
		028DD43925DF0FAC002E3B6C /* MatchViewDataModel.swift in Sources */ = {isa = PBXBuildFile; fileRef = 028DD43825DF0FAC002E3B6C /* MatchViewDataModel.swift */; };
		02ED628225DEF5B2002BB8A1 /* MockMatchRouterInput.swift in Sources */ = {isa = PBXBuildFile; fileRef = 02ED627025DEF5B2002BB8A1 /* MockMatchRouterInput.swift */; };
		02ED628325DEF5B2002BB8A1 /* MockMatchInteractorInput.swift in Sources */ = {isa = PBXBuildFile; fileRef = 02ED627125DEF5B2002BB8A1 /* MockMatchInteractorInput.swift */; };
		02ED628425DEF5B2002BB8A1 /* MockMatchViewInput.swift in Sources */ = {isa = PBXBuildFile; fileRef = 02ED627225DEF5B2002BB8A1 /* MockMatchViewInput.swift */; };
		02ED628525DEF5B2002BB8A1 /* MockMatchViewOutput.swift in Sources */ = {isa = PBXBuildFile; fileRef = 02ED627325DEF5B2002BB8A1 /* MockMatchViewOutput.swift */; };
		02ED628625DEF5B2002BB8A1 /* MockMatchInteractorOutput.swift in Sources */ = {isa = PBXBuildFile; fileRef = 02ED627425DEF5B2002BB8A1 /* MockMatchInteractorOutput.swift */; };
		02ED628725DEF5B2002BB8A1 /* MatchPresenterTests.swift in Sources */ = {isa = PBXBuildFile; fileRef = 02ED627625DEF5B2002BB8A1 /* MatchPresenterTests.swift */; };
		02ED628825DEF5B2002BB8A1 /* MatchViewControllerTests.swift in Sources */ = {isa = PBXBuildFile; fileRef = 02ED627825DEF5B2002BB8A1 /* MatchViewControllerTests.swift */; };
		02ED628925DEF5B2002BB8A1 /* MatchModuleBuilderTests.swift in Sources */ = {isa = PBXBuildFile; fileRef = 02ED627A25DEF5B2002BB8A1 /* MatchModuleBuilderTests.swift */; };
		02ED628D25DEF5B2002BB8A1 /* MatchRouterTests.swift in Sources */ = {isa = PBXBuildFile; fileRef = 02ED628025DEF5B2002BB8A1 /* MatchRouterTests.swift */; };
		7C48073B5BFACA30953057DC /* Pods_KickerKillTests.framework in Frameworks */ = {isa = PBXBuildFile; fileRef = 0DD803936657EA73B7410F71 /* Pods_KickerKillTests.framework */; };
		910C6FFD24DC74AE0071919F /* PlayersListViewDataModel.swift in Sources */ = {isa = PBXBuildFile; fileRef = 910C6FFC24DC74AE0071919F /* PlayersListViewDataModel.swift */; };
		914EAECD24E5AB6B00553724 /* SnapshotTestCase.swift in Sources */ = {isa = PBXBuildFile; fileRef = 914EAECC24E5AB6B00553724 /* SnapshotTestCase.swift */; };
		919FA10B24C0BC95004EEE15 /* AppDelegate.swift in Sources */ = {isa = PBXBuildFile; fileRef = 919FA10A24C0BC95004EEE15 /* AppDelegate.swift */; };
		919FA11424C0BC97004EEE15 /* Assets.xcassets in Resources */ = {isa = PBXBuildFile; fileRef = 919FA11324C0BC97004EEE15 /* Assets.xcassets */; };
		919FA11724C0BC97004EEE15 /* LaunchScreen.storyboard in Resources */ = {isa = PBXBuildFile; fileRef = 919FA11524C0BC97004EEE15 /* LaunchScreen.storyboard */; };
		91CBABE524C0CF9C00D64578 /* MockPlayersListViewOutput.swift in Sources */ = {isa = PBXBuildFile; fileRef = 91CBABD624C0CF9C00D64578 /* MockPlayersListViewOutput.swift */; };
		91CBABE624C0CF9C00D64578 /* MockPlayersListViewInput.swift in Sources */ = {isa = PBXBuildFile; fileRef = 91CBABD724C0CF9C00D64578 /* MockPlayersListViewInput.swift */; };
		91CBABE724C0CF9C00D64578 /* MockPlayersListRouterInput.swift in Sources */ = {isa = PBXBuildFile; fileRef = 91CBABD824C0CF9C00D64578 /* MockPlayersListRouterInput.swift */; };
		91CBABE824C0CF9C00D64578 /* MockPlayersListInteractorInput.swift in Sources */ = {isa = PBXBuildFile; fileRef = 91CBABD924C0CF9C00D64578 /* MockPlayersListInteractorInput.swift */; };
		91CBABE924C0CF9C00D64578 /* MockPlayersListInteractorOutput.swift in Sources */ = {isa = PBXBuildFile; fileRef = 91CBABDA24C0CF9C00D64578 /* MockPlayersListInteractorOutput.swift */; };
		91CBABEA24C0CF9C00D64578 /* PlayersListPresenterTests.swift in Sources */ = {isa = PBXBuildFile; fileRef = 91CBABDC24C0CF9C00D64578 /* PlayersListPresenterTests.swift */; };
		91CBABEB24C0CF9C00D64578 /* PlayersListViewControllerTests.swift in Sources */ = {isa = PBXBuildFile; fileRef = 91CBABDE24C0CF9C00D64578 /* PlayersListViewControllerTests.swift */; };
		91CBABEC24C0CF9C00D64578 /* PlayersListModuleBuilderTests.swift in Sources */ = {isa = PBXBuildFile; fileRef = 91CBABE024C0CF9C00D64578 /* PlayersListModuleBuilderTests.swift */; };
		91CBABED24C0CF9C00D64578 /* PlayersListInteractorTests.swift in Sources */ = {isa = PBXBuildFile; fileRef = 91CBABE224C0CF9C00D64578 /* PlayersListInteractorTests.swift */; };
		91CBABEE24C0CF9C00D64578 /* PlayersListRouterTests.swift in Sources */ = {isa = PBXBuildFile; fileRef = 91CBABE424C0CF9C00D64578 /* PlayersListRouterTests.swift */; };
		91CBABF424C0CFB400D64578 /* MockWebService.swift in Sources */ = {isa = PBXBuildFile; fileRef = 91CBABF224C0CFB400D64578 /* MockWebService.swift */; };
		91CBABF524C0CFB400D64578 /* PlayerServiceImplTests.swift in Sources */ = {isa = PBXBuildFile; fileRef = 91CBABF324C0CFB400D64578 /* PlayerServiceImplTests.swift */; };
		91CBABF724C0CFBA00D64578 /* Test+Extensions.swift in Sources */ = {isa = PBXBuildFile; fileRef = 91CBABF624C0CFBA00D64578 /* Test+Extensions.swift */; };
		91D40E4424C0BF8700E5888E /* CreatePlayerDTO.swift in Sources */ = {isa = PBXBuildFile; fileRef = 91D40E3924C0BF8700E5888E /* CreatePlayerDTO.swift */; };
		91D40E4524C0BF8700E5888E /* FetchPlayerDTO.swift in Sources */ = {isa = PBXBuildFile; fileRef = 91D40E3A24C0BF8700E5888E /* FetchPlayerDTO.swift */; };
		91D40E4624C0BF8700E5888E /* PlayerService.swift in Sources */ = {isa = PBXBuildFile; fileRef = 91D40E3D24C0BF8700E5888E /* PlayerService.swift */; };
		91D40E4724C0BF8700E5888E /* PlayerServiceImpl.swift in Sources */ = {isa = PBXBuildFile; fileRef = 91D40E3E24C0BF8700E5888E /* PlayerServiceImpl.swift */; };
		91D40E4824C0BF8700E5888E /* WebService.swift in Sources */ = {isa = PBXBuildFile; fileRef = 91D40E3F24C0BF8700E5888E /* WebService.swift */; };
		91D40E4924C0BF8700E5888E /* QueryParameters.swift in Sources */ = {isa = PBXBuildFile; fileRef = 91D40E4024C0BF8700E5888E /* QueryParameters.swift */; };
		91D40E4A24C0BF8700E5888E /* FirebaseWebService.swift in Sources */ = {isa = PBXBuildFile; fileRef = 91D40E4124C0BF8700E5888E /* FirebaseWebService.swift */; };
		91D40E4B24C0C0E600E5888E /* HasInvocations.swift in Sources */ = {isa = PBXBuildFile; fileRef = 91D40E3724C0BF8700E5888E /* HasInvocations.swift */; };
		91D40E4C24C0C10000E5888E /* FakeEquatable.swift in Sources */ = {isa = PBXBuildFile; fileRef = 91D40E3624C0BF8700E5888E /* FakeEquatable.swift */; };
		91D40E7424C0C14800E5888E /* SignInBuilder.swift in Sources */ = {isa = PBXBuildFile; fileRef = 91D40E4F24C0C14800E5888E /* SignInBuilder.swift */; };
		91D40E7524C0C14800E5888E /* SignIn.storyboard in Resources */ = {isa = PBXBuildFile; fileRef = 91D40E5124C0C14800E5888E /* SignIn.storyboard */; };
		91D40E7624C0C14800E5888E /* SignInViewController.swift in Sources */ = {isa = PBXBuildFile; fileRef = 91D40E5224C0C14800E5888E /* SignInViewController.swift */; };
		91D40E7724C0C14800E5888E /* PlayersListPresenter.swift in Sources */ = {isa = PBXBuildFile; fileRef = 91D40E5524C0C14800E5888E /* PlayersListPresenter.swift */; };
		91D40E7824C0C14800E5888E /* Team.swift in Sources */ = {isa = PBXBuildFile; fileRef = 91D40E5624C0C14800E5888E /* Team.swift */; };
		91D40E7924C0C14800E5888E /* PlayersListInterfaces.swift in Sources */ = {isa = PBXBuildFile; fileRef = 91D40E5724C0C14800E5888E /* PlayersListInterfaces.swift */; };
		91D40E7A24C0C14800E5888E /* PlayerListCell.xib in Resources */ = {isa = PBXBuildFile; fileRef = 91D40E5924C0C14800E5888E /* PlayerListCell.xib */; };
		91D40E7B24C0C14800E5888E /* PlayerListCell.swift in Sources */ = {isa = PBXBuildFile; fileRef = 91D40E5A24C0C14800E5888E /* PlayerListCell.swift */; };
		91D40E7C24C0C14800E5888E /* PlayersList.storyboard in Resources */ = {isa = PBXBuildFile; fileRef = 91D40E5B24C0C14800E5888E /* PlayersList.storyboard */; };
		91D40E7D24C0C14800E5888E /* PlayersListViewController.swift in Sources */ = {isa = PBXBuildFile; fileRef = 91D40E5C24C0C14800E5888E /* PlayersListViewController.swift */; };
		91D40E7E24C0C14800E5888E /* PlayersListModuleBuilder.swift in Sources */ = {isa = PBXBuildFile; fileRef = 91D40E5E24C0C14800E5888E /* PlayersListModuleBuilder.swift */; };
		91D40E7F24C0C14800E5888E /* PlayersListInteractor.swift in Sources */ = {isa = PBXBuildFile; fileRef = 91D40E6024C0C14800E5888E /* PlayersListInteractor.swift */; };
		91D40E8024C0C14800E5888E /* PlayersListInteractorOutput.swift in Sources */ = {isa = PBXBuildFile; fileRef = 91D40E6124C0C14800E5888E /* PlayersListInteractorOutput.swift */; };
		91D40E8124C0C14800E5888E /* PlayersListInteractorInput.swift in Sources */ = {isa = PBXBuildFile; fileRef = 91D40E6224C0C14800E5888E /* PlayersListInteractorInput.swift */; };
		91D40E8224C0C14800E5888E /* PlayersListRouter.swift in Sources */ = {isa = PBXBuildFile; fileRef = 91D40E6424C0C14800E5888E /* PlayersListRouter.swift */; };
		91D40E8F24C0C16300E5888E /* Player.swift in Sources */ = {isa = PBXBuildFile; fileRef = 91D40E8E24C0C16300E5888E /* Player.swift */; };
		91D40E9524C0C1AC00E5888E /* UIStoryboardExtension.swift in Sources */ = {isa = PBXBuildFile; fileRef = 91D40E9224C0C1AC00E5888E /* UIStoryboardExtension.swift */; };
		91D40E9C24C0C22300E5888E /* Encodable+Extensions.swift in Sources */ = {isa = PBXBuildFile; fileRef = 91D40E9824C0C22200E5888E /* Encodable+Extensions.swift */; };
		91D40E9D24C0C22300E5888E /* UITableView+Extensions.swift in Sources */ = {isa = PBXBuildFile; fileRef = 91D40E9924C0C22200E5888E /* UITableView+Extensions.swift */; };
		91D40E9E24C0C22300E5888E /* UI+Extensions.swift in Sources */ = {isa = PBXBuildFile; fileRef = 91D40E9A24C0C22200E5888E /* UI+Extensions.swift */; };
		91D40E9F24C0C22300E5888E /* UICollectionView+Extensions.swift in Sources */ = {isa = PBXBuildFile; fileRef = 91D40E9B24C0C22200E5888E /* UICollectionView+Extensions.swift */; };
		91D40EA224C0C27C00E5888E /* Identifiable.swift in Sources */ = {isa = PBXBuildFile; fileRef = 91D40EA124C0C27C00E5888E /* Identifiable.swift */; };
		91D40EA424C0C29600E5888E /* Localizable.swift in Sources */ = {isa = PBXBuildFile; fileRef = 91D40EA324C0C29600E5888E /* Localizable.swift */; };
		91D40EA724C0C3D400E5888E /* GoogleService-Info.plist in Resources */ = {isa = PBXBuildFile; fileRef = 91D40EA624C0C3D400E5888E /* GoogleService-Info.plist */; };
		DB5A8C5054A90971E30755E2 /* Pods_KickerKill.framework in Frameworks */ = {isa = PBXBuildFile; fileRef = 80AD92F50F804D576DEC7C1C /* Pods_KickerKill.framework */; };
/* End PBXBuildFile section */

/* Begin PBXContainerItemProxy section */
		919FA11E24C0BC97004EEE15 /* PBXContainerItemProxy */ = {
			isa = PBXContainerItemProxy;
			containerPortal = 919FA0FF24C0BC95004EEE15 /* Project object */;
			proxyType = 1;
			remoteGlobalIDString = 919FA10624C0BC95004EEE15;
			remoteInfo = KickerKill;
		};
/* End PBXContainerItemProxy section */

/* Begin PBXFileReference section */
		020E146A2697759E0008946C /* MockMatchModuleOutput.swift */ = {isa = PBXFileReference; fileEncoding = 4; lastKnownFileType = sourcecode.swift; path = MockMatchModuleOutput.swift; sourceTree = "<group>"; };
		0245409C25C33565003C0C83 /* MatchData.swift */ = {isa = PBXFileReference; lastKnownFileType = sourcecode.swift; path = MatchData.swift; sourceTree = "<group>"; };
		02615EA3255DB7AC00326EF0 /* MatchInterfaces.swift */ = {isa = PBXFileReference; fileEncoding = 4; lastKnownFileType = sourcecode.swift; path = MatchInterfaces.swift; sourceTree = "<group>"; };
		02615EA5255DB7AC00326EF0 /* MatchPresenter.swift */ = {isa = PBXFileReference; fileEncoding = 4; lastKnownFileType = sourcecode.swift; path = MatchPresenter.swift; sourceTree = "<group>"; };
		02615EA8255DB7AC00326EF0 /* MatchViewController.swift */ = {isa = PBXFileReference; fileEncoding = 4; lastKnownFileType = sourcecode.swift; path = MatchViewController.swift; sourceTree = "<group>"; };
		02615EAA255DB7AC00326EF0 /* MatchModuleBuilder.swift */ = {isa = PBXFileReference; fileEncoding = 4; lastKnownFileType = sourcecode.swift; path = MatchModuleBuilder.swift; sourceTree = "<group>"; };
		02615EAC255DB7AC00326EF0 /* MatchInteractorInput.swift */ = {isa = PBXFileReference; fileEncoding = 4; lastKnownFileType = sourcecode.swift; path = MatchInteractorInput.swift; sourceTree = "<group>"; };
		02615EAD255DB7AC00326EF0 /* MatchInteractorOutput.swift */ = {isa = PBXFileReference; fileEncoding = 4; lastKnownFileType = sourcecode.swift; path = MatchInteractorOutput.swift; sourceTree = "<group>"; };
		02615EAE255DB7AC00326EF0 /* MatchInteractor.swift */ = {isa = PBXFileReference; fileEncoding = 4; lastKnownFileType = sourcecode.swift; path = MatchInteractor.swift; sourceTree = "<group>"; };
		02615EB0255DB7AC00326EF0 /* MatchRouter.swift */ = {isa = PBXFileReference; fileEncoding = 4; lastKnownFileType = sourcecode.swift; path = MatchRouter.swift; sourceTree = "<group>"; };
		0278BB5E263B1B5C0062DC40 /* MatchDataTests.swift */ = {isa = PBXFileReference; lastKnownFileType = sourcecode.swift; path = MatchDataTests.swift; sourceTree = "<group>"; };
		0280A04525E82D6F00D6A599 /* MatchViewDataModelTests.swift */ = {isa = PBXFileReference; lastKnownFileType = sourcecode.swift; path = MatchViewDataModelTests.swift; sourceTree = "<group>"; };
		028147FC2656DDE100B1919F /* MatchScorePresenter.swift */ = {isa = PBXFileReference; fileEncoding = 4; lastKnownFileType = sourcecode.swift; path = MatchScorePresenter.swift; sourceTree = "<group>"; };
		028147FE2656DDE100B1919F /* MatchScore.storyboard */ = {isa = PBXFileReference; fileEncoding = 4; lastKnownFileType = file.storyboard; path = MatchScore.storyboard; sourceTree = "<group>"; };
		028147FF2656DDE100B1919F /* MatchScoreViewController.swift */ = {isa = PBXFileReference; fileEncoding = 4; lastKnownFileType = sourcecode.swift; path = MatchScoreViewController.swift; sourceTree = "<group>"; };
		028148012656DDE100B1919F /* MatchScoreModuleBuilder.swift */ = {isa = PBXFileReference; fileEncoding = 4; lastKnownFileType = sourcecode.swift; path = MatchScoreModuleBuilder.swift; sourceTree = "<group>"; };
		028148032656DDE100B1919F /* MatchScoreInteractorInput.swift */ = {isa = PBXFileReference; fileEncoding = 4; lastKnownFileType = sourcecode.swift; path = MatchScoreInteractorInput.swift; sourceTree = "<group>"; };
		028148042656DDE100B1919F /* MatchScoreInteractorOutput.swift */ = {isa = PBXFileReference; fileEncoding = 4; lastKnownFileType = sourcecode.swift; path = MatchScoreInteractorOutput.swift; sourceTree = "<group>"; };
		028148052656DDE100B1919F /* MatchScoreInteractor.swift */ = {isa = PBXFileReference; fileEncoding = 4; lastKnownFileType = sourcecode.swift; path = MatchScoreInteractor.swift; sourceTree = "<group>"; };
		028148062656DDE100B1919F /* MatchScoreInterfaces.swift */ = {isa = PBXFileReference; fileEncoding = 4; lastKnownFileType = sourcecode.swift; path = MatchScoreInterfaces.swift; sourceTree = "<group>"; };
		028148082656DDE100B1919F /* MatchScoreRouter.swift */ = {isa = PBXFileReference; fileEncoding = 4; lastKnownFileType = sourcecode.swift; path = MatchScoreRouter.swift; sourceTree = "<group>"; };
		028D2A8C25A7672A00D2A76A /* Match.storyboard */ = {isa = PBXFileReference; lastKnownFileType = file.storyboard; path = Match.storyboard; sourceTree = "<group>"; };
		028DD43825DF0FAC002E3B6C /* MatchViewDataModel.swift */ = {isa = PBXFileReference; lastKnownFileType = sourcecode.swift; path = MatchViewDataModel.swift; sourceTree = "<group>"; };
		02ED627025DEF5B2002BB8A1 /* MockMatchRouterInput.swift */ = {isa = PBXFileReference; fileEncoding = 4; lastKnownFileType = sourcecode.swift; path = MockMatchRouterInput.swift; sourceTree = "<group>"; };
		02ED627125DEF5B2002BB8A1 /* MockMatchInteractorInput.swift */ = {isa = PBXFileReference; fileEncoding = 4; lastKnownFileType = sourcecode.swift; path = MockMatchInteractorInput.swift; sourceTree = "<group>"; };
		02ED627225DEF5B2002BB8A1 /* MockMatchViewInput.swift */ = {isa = PBXFileReference; fileEncoding = 4; lastKnownFileType = sourcecode.swift; path = MockMatchViewInput.swift; sourceTree = "<group>"; };
		02ED627325DEF5B2002BB8A1 /* MockMatchViewOutput.swift */ = {isa = PBXFileReference; fileEncoding = 4; lastKnownFileType = sourcecode.swift; path = MockMatchViewOutput.swift; sourceTree = "<group>"; };
		02ED627425DEF5B2002BB8A1 /* MockMatchInteractorOutput.swift */ = {isa = PBXFileReference; fileEncoding = 4; lastKnownFileType = sourcecode.swift; path = MockMatchInteractorOutput.swift; sourceTree = "<group>"; };
		02ED627625DEF5B2002BB8A1 /* MatchPresenterTests.swift */ = {isa = PBXFileReference; fileEncoding = 4; lastKnownFileType = sourcecode.swift; path = MatchPresenterTests.swift; sourceTree = "<group>"; };
		02ED627825DEF5B2002BB8A1 /* MatchViewControllerTests.swift */ = {isa = PBXFileReference; fileEncoding = 4; lastKnownFileType = sourcecode.swift; path = MatchViewControllerTests.swift; sourceTree = "<group>"; };
		02ED627A25DEF5B2002BB8A1 /* MatchModuleBuilderTests.swift */ = {isa = PBXFileReference; fileEncoding = 4; lastKnownFileType = sourcecode.swift; path = MatchModuleBuilderTests.swift; sourceTree = "<group>"; };
		02ED628025DEF5B2002BB8A1 /* MatchRouterTests.swift */ = {isa = PBXFileReference; fileEncoding = 4; lastKnownFileType = sourcecode.swift; path = MatchRouterTests.swift; sourceTree = "<group>"; };
		0DD803936657EA73B7410F71 /* Pods_KickerKillTests.framework */ = {isa = PBXFileReference; explicitFileType = wrapper.framework; includeInIndex = 0; path = Pods_KickerKillTests.framework; sourceTree = BUILT_PRODUCTS_DIR; };
		3185238AA1917019A29AC6CA /* Pods-KickerKill.debug.xcconfig */ = {isa = PBXFileReference; includeInIndex = 1; lastKnownFileType = text.xcconfig; name = "Pods-KickerKill.debug.xcconfig"; path = "Target Support Files/Pods-KickerKill/Pods-KickerKill.debug.xcconfig"; sourceTree = "<group>"; };
		5372C891215B43F2A4FCE009 /* Pods-KickerKillTests.release.xcconfig */ = {isa = PBXFileReference; includeInIndex = 1; lastKnownFileType = text.xcconfig; name = "Pods-KickerKillTests.release.xcconfig"; path = "Target Support Files/Pods-KickerKillTests/Pods-KickerKillTests.release.xcconfig"; sourceTree = "<group>"; };
		5CB76173BA80BE83E893A348 /* Pods-KickerKillTests.debug.xcconfig */ = {isa = PBXFileReference; includeInIndex = 1; lastKnownFileType = text.xcconfig; name = "Pods-KickerKillTests.debug.xcconfig"; path = "Target Support Files/Pods-KickerKillTests/Pods-KickerKillTests.debug.xcconfig"; sourceTree = "<group>"; };
		80AD92F50F804D576DEC7C1C /* Pods_KickerKill.framework */ = {isa = PBXFileReference; explicitFileType = wrapper.framework; includeInIndex = 0; path = Pods_KickerKill.framework; sourceTree = BUILT_PRODUCTS_DIR; };
		910C6FFC24DC74AE0071919F /* PlayersListViewDataModel.swift */ = {isa = PBXFileReference; lastKnownFileType = sourcecode.swift; path = PlayersListViewDataModel.swift; sourceTree = "<group>"; };
		914EAECC24E5AB6B00553724 /* SnapshotTestCase.swift */ = {isa = PBXFileReference; lastKnownFileType = sourcecode.swift; path = SnapshotTestCase.swift; sourceTree = "<group>"; };
		919FA10724C0BC95004EEE15 /* KickerKill.app */ = {isa = PBXFileReference; explicitFileType = wrapper.application; includeInIndex = 0; path = KickerKill.app; sourceTree = BUILT_PRODUCTS_DIR; };
		919FA10A24C0BC95004EEE15 /* AppDelegate.swift */ = {isa = PBXFileReference; lastKnownFileType = sourcecode.swift; path = AppDelegate.swift; sourceTree = "<group>"; };
		919FA11324C0BC97004EEE15 /* Assets.xcassets */ = {isa = PBXFileReference; lastKnownFileType = folder.assetcatalog; name = Assets.xcassets; path = KickerKill/Assets.xcassets; sourceTree = SOURCE_ROOT; };
		919FA11624C0BC97004EEE15 /* Base */ = {isa = PBXFileReference; lastKnownFileType = file.storyboard; name = Base; path = Base.lproj/LaunchScreen.storyboard; sourceTree = "<group>"; };
		919FA11824C0BC97004EEE15 /* Info.plist */ = {isa = PBXFileReference; lastKnownFileType = text.plist.xml; path = Info.plist; sourceTree = "<group>"; };
		919FA11D24C0BC97004EEE15 /* KickerKillTests.xctest */ = {isa = PBXFileReference; explicitFileType = wrapper.cfbundle; includeInIndex = 0; path = KickerKillTests.xctest; sourceTree = BUILT_PRODUCTS_DIR; };
		919FA12324C0BC97004EEE15 /* Info.plist */ = {isa = PBXFileReference; lastKnownFileType = text.plist.xml; path = Info.plist; sourceTree = "<group>"; };
		91CBABD624C0CF9C00D64578 /* MockPlayersListViewOutput.swift */ = {isa = PBXFileReference; fileEncoding = 4; lastKnownFileType = sourcecode.swift; path = MockPlayersListViewOutput.swift; sourceTree = "<group>"; };
		91CBABD724C0CF9C00D64578 /* MockPlayersListViewInput.swift */ = {isa = PBXFileReference; fileEncoding = 4; lastKnownFileType = sourcecode.swift; path = MockPlayersListViewInput.swift; sourceTree = "<group>"; };
		91CBABD824C0CF9C00D64578 /* MockPlayersListRouterInput.swift */ = {isa = PBXFileReference; fileEncoding = 4; lastKnownFileType = sourcecode.swift; path = MockPlayersListRouterInput.swift; sourceTree = "<group>"; };
		91CBABD924C0CF9C00D64578 /* MockPlayersListInteractorInput.swift */ = {isa = PBXFileReference; fileEncoding = 4; lastKnownFileType = sourcecode.swift; path = MockPlayersListInteractorInput.swift; sourceTree = "<group>"; };
		91CBABDA24C0CF9C00D64578 /* MockPlayersListInteractorOutput.swift */ = {isa = PBXFileReference; fileEncoding = 4; lastKnownFileType = sourcecode.swift; path = MockPlayersListInteractorOutput.swift; sourceTree = "<group>"; };
		91CBABDC24C0CF9C00D64578 /* PlayersListPresenterTests.swift */ = {isa = PBXFileReference; fileEncoding = 4; lastKnownFileType = sourcecode.swift; path = PlayersListPresenterTests.swift; sourceTree = "<group>"; };
		91CBABDE24C0CF9C00D64578 /* PlayersListViewControllerTests.swift */ = {isa = PBXFileReference; fileEncoding = 4; lastKnownFileType = sourcecode.swift; path = PlayersListViewControllerTests.swift; sourceTree = "<group>"; };
		91CBABE024C0CF9C00D64578 /* PlayersListModuleBuilderTests.swift */ = {isa = PBXFileReference; fileEncoding = 4; lastKnownFileType = sourcecode.swift; path = PlayersListModuleBuilderTests.swift; sourceTree = "<group>"; };
		91CBABE224C0CF9C00D64578 /* PlayersListInteractorTests.swift */ = {isa = PBXFileReference; fileEncoding = 4; lastKnownFileType = sourcecode.swift; path = PlayersListInteractorTests.swift; sourceTree = "<group>"; };
		91CBABE424C0CF9C00D64578 /* PlayersListRouterTests.swift */ = {isa = PBXFileReference; fileEncoding = 4; lastKnownFileType = sourcecode.swift; path = PlayersListRouterTests.swift; sourceTree = "<group>"; };
		91CBABF224C0CFB400D64578 /* MockWebService.swift */ = {isa = PBXFileReference; fileEncoding = 4; lastKnownFileType = sourcecode.swift; path = MockWebService.swift; sourceTree = "<group>"; };
		91CBABF324C0CFB400D64578 /* PlayerServiceImplTests.swift */ = {isa = PBXFileReference; fileEncoding = 4; lastKnownFileType = sourcecode.swift; path = PlayerServiceImplTests.swift; sourceTree = "<group>"; };
		91CBABF624C0CFBA00D64578 /* Test+Extensions.swift */ = {isa = PBXFileReference; fileEncoding = 4; lastKnownFileType = sourcecode.swift; path = "Test+Extensions.swift"; sourceTree = "<group>"; };
		91D40E3624C0BF8700E5888E /* FakeEquatable.swift */ = {isa = PBXFileReference; fileEncoding = 4; lastKnownFileType = sourcecode.swift; path = FakeEquatable.swift; sourceTree = "<group>"; };
		91D40E3724C0BF8700E5888E /* HasInvocations.swift */ = {isa = PBXFileReference; fileEncoding = 4; lastKnownFileType = sourcecode.swift; path = HasInvocations.swift; sourceTree = "<group>"; };
		91D40E3924C0BF8700E5888E /* CreatePlayerDTO.swift */ = {isa = PBXFileReference; fileEncoding = 4; lastKnownFileType = sourcecode.swift; path = CreatePlayerDTO.swift; sourceTree = "<group>"; };
		91D40E3A24C0BF8700E5888E /* FetchPlayerDTO.swift */ = {isa = PBXFileReference; fileEncoding = 4; lastKnownFileType = sourcecode.swift; path = FetchPlayerDTO.swift; sourceTree = "<group>"; };
		91D40E3D24C0BF8700E5888E /* PlayerService.swift */ = {isa = PBXFileReference; fileEncoding = 4; lastKnownFileType = sourcecode.swift; path = PlayerService.swift; sourceTree = "<group>"; };
		91D40E3E24C0BF8700E5888E /* PlayerServiceImpl.swift */ = {isa = PBXFileReference; fileEncoding = 4; lastKnownFileType = sourcecode.swift; path = PlayerServiceImpl.swift; sourceTree = "<group>"; };
		91D40E3F24C0BF8700E5888E /* WebService.swift */ = {isa = PBXFileReference; fileEncoding = 4; lastKnownFileType = sourcecode.swift; path = WebService.swift; sourceTree = "<group>"; };
		91D40E4024C0BF8700E5888E /* QueryParameters.swift */ = {isa = PBXFileReference; fileEncoding = 4; lastKnownFileType = sourcecode.swift; path = QueryParameters.swift; sourceTree = "<group>"; };
		91D40E4124C0BF8700E5888E /* FirebaseWebService.swift */ = {isa = PBXFileReference; fileEncoding = 4; lastKnownFileType = sourcecode.swift; path = FirebaseWebService.swift; sourceTree = "<group>"; };
		91D40E4F24C0C14800E5888E /* SignInBuilder.swift */ = {isa = PBXFileReference; fileEncoding = 4; lastKnownFileType = sourcecode.swift; path = SignInBuilder.swift; sourceTree = "<group>"; };
		91D40E5124C0C14800E5888E /* SignIn.storyboard */ = {isa = PBXFileReference; fileEncoding = 4; lastKnownFileType = file.storyboard; path = SignIn.storyboard; sourceTree = "<group>"; };
		91D40E5224C0C14800E5888E /* SignInViewController.swift */ = {isa = PBXFileReference; fileEncoding = 4; lastKnownFileType = sourcecode.swift; path = SignInViewController.swift; sourceTree = "<group>"; };
		91D40E5524C0C14800E5888E /* PlayersListPresenter.swift */ = {isa = PBXFileReference; fileEncoding = 4; lastKnownFileType = sourcecode.swift; path = PlayersListPresenter.swift; sourceTree = "<group>"; };
		91D40E5624C0C14800E5888E /* Team.swift */ = {isa = PBXFileReference; fileEncoding = 4; lastKnownFileType = sourcecode.swift; path = Team.swift; sourceTree = "<group>"; };
		91D40E5724C0C14800E5888E /* PlayersListInterfaces.swift */ = {isa = PBXFileReference; fileEncoding = 4; lastKnownFileType = sourcecode.swift; path = PlayersListInterfaces.swift; sourceTree = "<group>"; };
		91D40E5924C0C14800E5888E /* PlayerListCell.xib */ = {isa = PBXFileReference; fileEncoding = 4; lastKnownFileType = file.xib; path = PlayerListCell.xib; sourceTree = "<group>"; };
		91D40E5A24C0C14800E5888E /* PlayerListCell.swift */ = {isa = PBXFileReference; fileEncoding = 4; lastKnownFileType = sourcecode.swift; path = PlayerListCell.swift; sourceTree = "<group>"; };
		91D40E5B24C0C14800E5888E /* PlayersList.storyboard */ = {isa = PBXFileReference; fileEncoding = 4; lastKnownFileType = file.storyboard; path = PlayersList.storyboard; sourceTree = "<group>"; };
		91D40E5C24C0C14800E5888E /* PlayersListViewController.swift */ = {isa = PBXFileReference; fileEncoding = 4; lastKnownFileType = sourcecode.swift; path = PlayersListViewController.swift; sourceTree = "<group>"; };
		91D40E5E24C0C14800E5888E /* PlayersListModuleBuilder.swift */ = {isa = PBXFileReference; fileEncoding = 4; lastKnownFileType = sourcecode.swift; path = PlayersListModuleBuilder.swift; sourceTree = "<group>"; };
		91D40E6024C0C14800E5888E /* PlayersListInteractor.swift */ = {isa = PBXFileReference; fileEncoding = 4; lastKnownFileType = sourcecode.swift; path = PlayersListInteractor.swift; sourceTree = "<group>"; };
		91D40E6124C0C14800E5888E /* PlayersListInteractorOutput.swift */ = {isa = PBXFileReference; fileEncoding = 4; lastKnownFileType = sourcecode.swift; path = PlayersListInteractorOutput.swift; sourceTree = "<group>"; };
		91D40E6224C0C14800E5888E /* PlayersListInteractorInput.swift */ = {isa = PBXFileReference; fileEncoding = 4; lastKnownFileType = sourcecode.swift; path = PlayersListInteractorInput.swift; sourceTree = "<group>"; };
		91D40E6424C0C14800E5888E /* PlayersListRouter.swift */ = {isa = PBXFileReference; fileEncoding = 4; lastKnownFileType = sourcecode.swift; path = PlayersListRouter.swift; sourceTree = "<group>"; };
		91D40E8E24C0C16300E5888E /* Player.swift */ = {isa = PBXFileReference; fileEncoding = 4; lastKnownFileType = sourcecode.swift; path = Player.swift; sourceTree = "<group>"; };
		91D40E9224C0C1AC00E5888E /* UIStoryboardExtension.swift */ = {isa = PBXFileReference; fileEncoding = 4; lastKnownFileType = sourcecode.swift; path = UIStoryboardExtension.swift; sourceTree = "<group>"; };
		91D40E9824C0C22200E5888E /* Encodable+Extensions.swift */ = {isa = PBXFileReference; fileEncoding = 4; lastKnownFileType = sourcecode.swift; path = "Encodable+Extensions.swift"; sourceTree = "<group>"; };
		91D40E9924C0C22200E5888E /* UITableView+Extensions.swift */ = {isa = PBXFileReference; fileEncoding = 4; lastKnownFileType = sourcecode.swift; path = "UITableView+Extensions.swift"; sourceTree = "<group>"; };
		91D40E9A24C0C22200E5888E /* UI+Extensions.swift */ = {isa = PBXFileReference; fileEncoding = 4; lastKnownFileType = sourcecode.swift; path = "UI+Extensions.swift"; sourceTree = "<group>"; };
		91D40E9B24C0C22200E5888E /* UICollectionView+Extensions.swift */ = {isa = PBXFileReference; fileEncoding = 4; lastKnownFileType = sourcecode.swift; path = "UICollectionView+Extensions.swift"; sourceTree = "<group>"; };
		91D40EA124C0C27C00E5888E /* Identifiable.swift */ = {isa = PBXFileReference; fileEncoding = 4; lastKnownFileType = sourcecode.swift; path = Identifiable.swift; sourceTree = "<group>"; };
		91D40EA324C0C29600E5888E /* Localizable.swift */ = {isa = PBXFileReference; fileEncoding = 4; lastKnownFileType = sourcecode.swift; path = Localizable.swift; sourceTree = "<group>"; };
		91D40EA624C0C3D400E5888E /* GoogleService-Info.plist */ = {isa = PBXFileReference; fileEncoding = 4; lastKnownFileType = text.plist.xml; path = "GoogleService-Info.plist"; sourceTree = "<group>"; };
		920AC06EBCE24F0C0161A1B4 /* Pods-KickerKill.release.xcconfig */ = {isa = PBXFileReference; includeInIndex = 1; lastKnownFileType = text.xcconfig; name = "Pods-KickerKill.release.xcconfig"; path = "Target Support Files/Pods-KickerKill/Pods-KickerKill.release.xcconfig"; sourceTree = "<group>"; };
/* End PBXFileReference section */

/* Begin PBXFrameworksBuildPhase section */
		919FA10424C0BC95004EEE15 /* Frameworks */ = {
			isa = PBXFrameworksBuildPhase;
			buildActionMask = 2147483647;
			files = (
				DB5A8C5054A90971E30755E2 /* Pods_KickerKill.framework in Frameworks */,
			);
			runOnlyForDeploymentPostprocessing = 0;
		};
		919FA11A24C0BC97004EEE15 /* Frameworks */ = {
			isa = PBXFrameworksBuildPhase;
			buildActionMask = 2147483647;
			files = (
				7C48073B5BFACA30953057DC /* Pods_KickerKillTests.framework in Frameworks */,
			);
			runOnlyForDeploymentPostprocessing = 0;
		};
/* End PBXFrameworksBuildPhase section */

/* Begin PBXGroup section */
		02615EA2255DB7AC00326EF0 /* Match */ = {
			isa = PBXGroup;
			children = (
				02615EA3255DB7AC00326EF0 /* MatchInterfaces.swift */,
				02A239E825D5C91A00E9230B /* Models */,
				02615EA4255DB7AC00326EF0 /* Presenter */,
				02615EA6255DB7AC00326EF0 /* View */,
				02615EA9255DB7AC00326EF0 /* Builder */,
				02615EAB255DB7AC00326EF0 /* Interactor */,
				02615EAF255DB7AC00326EF0 /* Router */,
			);
			path = Match;
			sourceTree = "<group>";
		};
		02615EA4255DB7AC00326EF0 /* Presenter */ = {
			isa = PBXGroup;
			children = (
				02615EA5255DB7AC00326EF0 /* MatchPresenter.swift */,
			);
			path = Presenter;
			sourceTree = "<group>";
		};
		02615EA6255DB7AC00326EF0 /* View */ = {
			isa = PBXGroup;
			children = (
				02615EA8255DB7AC00326EF0 /* MatchViewController.swift */,
				028D2A8C25A7672A00D2A76A /* Match.storyboard */,
			);
			path = View;
			sourceTree = "<group>";
		};
		02615EA9255DB7AC00326EF0 /* Builder */ = {
			isa = PBXGroup;
			children = (
				02615EAA255DB7AC00326EF0 /* MatchModuleBuilder.swift */,
			);
			path = Builder;
			sourceTree = "<group>";
		};
		02615EAB255DB7AC00326EF0 /* Interactor */ = {
			isa = PBXGroup;
			children = (
				02615EAC255DB7AC00326EF0 /* MatchInteractorInput.swift */,
				02615EAD255DB7AC00326EF0 /* MatchInteractorOutput.swift */,
				02615EAE255DB7AC00326EF0 /* MatchInteractor.swift */,
			);
			path = Interactor;
			sourceTree = "<group>";
		};
		02615EAF255DB7AC00326EF0 /* Router */ = {
			isa = PBXGroup;
			children = (
				02615EB0255DB7AC00326EF0 /* MatchRouter.swift */,
			);
			path = Router;
			sourceTree = "<group>";
		};
		0278BB5D263B1B470062DC40 /* Domain */ = {
			isa = PBXGroup;
			children = (
				0278BB5E263B1B5C0062DC40 /* MatchDataTests.swift */,
			);
			path = Domain;
			sourceTree = "<group>";
		};
		0280A04425E82D1300D6A599 /* Models */ = {
			isa = PBXGroup;
			children = (
				0280A04525E82D6F00D6A599 /* MatchViewDataModelTests.swift */,
			);
			path = Models;
			sourceTree = "<group>";
		};
		028147FA2656DDE100B1919F /* MatchScore */ = {
			isa = PBXGroup;
			children = (
				028147FB2656DDE100B1919F /* Presenter */,
				028147FD2656DDE100B1919F /* View */,
				028148002656DDE100B1919F /* Builder */,
				028148022656DDE100B1919F /* Interactor */,
				028148062656DDE100B1919F /* MatchScoreInterfaces.swift */,
				028148072656DDE100B1919F /* Router */,
			);
			path = MatchScore;
			sourceTree = "<group>";
		};
		028147FB2656DDE100B1919F /* Presenter */ = {
			isa = PBXGroup;
			children = (
				028147FC2656DDE100B1919F /* MatchScorePresenter.swift */,
			);
			path = Presenter;
			sourceTree = "<group>";
		};
		028147FD2656DDE100B1919F /* View */ = {
			isa = PBXGroup;
			children = (
				028147FE2656DDE100B1919F /* MatchScore.storyboard */,
				028147FF2656DDE100B1919F /* MatchScoreViewController.swift */,
			);
			path = View;
			sourceTree = "<group>";
		};
		028148002656DDE100B1919F /* Builder */ = {
			isa = PBXGroup;
			children = (
				028148012656DDE100B1919F /* MatchScoreModuleBuilder.swift */,
			);
			path = Builder;
			sourceTree = "<group>";
		};
		028148022656DDE100B1919F /* Interactor */ = {
			isa = PBXGroup;
			children = (
				028148032656DDE100B1919F /* MatchScoreInteractorInput.swift */,
				028148042656DDE100B1919F /* MatchScoreInteractorOutput.swift */,
				028148052656DDE100B1919F /* MatchScoreInteractor.swift */,
			);
			path = Interactor;
			sourceTree = "<group>";
		};
		028148072656DDE100B1919F /* Router */ = {
			isa = PBXGroup;
			children = (
				028148082656DDE100B1919F /* MatchScoreRouter.swift */,
			);
			path = Router;
			sourceTree = "<group>";
		};
		02A239E825D5C91A00E9230B /* Models */ = {
			isa = PBXGroup;
			children = (
				028DD43825DF0FAC002E3B6C /* MatchViewDataModel.swift */,
			);
			path = Models;
			sourceTree = "<group>";
		};
		02BEA05025A75C54009154F0 /* Domain */ = {
			isa = PBXGroup;
			children = (
				0245409C25C33565003C0C83 /* MatchData.swift */,
			);
			path = Domain;
			sourceTree = "<group>";
		};
		02ED626D25DEF5B2002BB8A1 /* Match */ = {
			isa = PBXGroup;
			children = (
				0280A04425E82D1300D6A599 /* Models */,
				02ED626F25DEF5B2002BB8A1 /* Mock */,
				02ED627525DEF5B2002BB8A1 /* Presenter */,
				02ED627725DEF5B2002BB8A1 /* View */,
				02ED627925DEF5B2002BB8A1 /* Builder */,
				02ED627B25DEF5B2002BB8A1 /* Interactor */,
				02ED627F25DEF5B2002BB8A1 /* Router */,
			);
			path = Match;
			sourceTree = "<group>";
		};
		02ED626F25DEF5B2002BB8A1 /* Mock */ = {
			isa = PBXGroup;
			children = (
				020E146A2697759E0008946C /* MockMatchModuleOutput.swift */,
				02ED627025DEF5B2002BB8A1 /* MockMatchRouterInput.swift */,
				02ED627125DEF5B2002BB8A1 /* MockMatchInteractorInput.swift */,
				02ED627225DEF5B2002BB8A1 /* MockMatchViewInput.swift */,
				02ED627325DEF5B2002BB8A1 /* MockMatchViewOutput.swift */,
				02ED627425DEF5B2002BB8A1 /* MockMatchInteractorOutput.swift */,
			);
			path = Mock;
			sourceTree = "<group>";
		};
		02ED627525DEF5B2002BB8A1 /* Presenter */ = {
			isa = PBXGroup;
			children = (
				02ED627625DEF5B2002BB8A1 /* MatchPresenterTests.swift */,
			);
			path = Presenter;
			sourceTree = "<group>";
		};
		02ED627725DEF5B2002BB8A1 /* View */ = {
			isa = PBXGroup;
			children = (
				02ED627825DEF5B2002BB8A1 /* MatchViewControllerTests.swift */,
			);
			path = View;
			sourceTree = "<group>";
		};
		02ED627925DEF5B2002BB8A1 /* Builder */ = {
			isa = PBXGroup;
			children = (
				02ED627A25DEF5B2002BB8A1 /* MatchModuleBuilderTests.swift */,
			);
			path = Builder;
			sourceTree = "<group>";
		};
		02ED627B25DEF5B2002BB8A1 /* Interactor */ = {
			isa = PBXGroup;
			children = (
			);
			path = Interactor;
			sourceTree = "<group>";
		};
		02ED627F25DEF5B2002BB8A1 /* Router */ = {
			isa = PBXGroup;
			children = (
				02ED628025DEF5B2002BB8A1 /* MatchRouterTests.swift */,
			);
			path = Router;
			sourceTree = "<group>";
		};
		910C6FFB24DC72330071919F /* Models */ = {
			isa = PBXGroup;
			children = (
				910C6FFC24DC74AE0071919F /* PlayersListViewDataModel.swift */,
			);
			path = Models;
			sourceTree = "<group>";
		};
		919FA0FE24C0BC95004EEE15 = {
			isa = PBXGroup;
			children = (
				919FA10924C0BC95004EEE15 /* KickerKill */,
				919FA12024C0BC97004EEE15 /* KickerKillTests */,
				919FA10824C0BC95004EEE15 /* Products */,
				A5D291B3D85CFFF7AEA9C0BD /* Pods */,
				97C3AF9141945812D23E0FA2 /* Frameworks */,
			);
			sourceTree = "<group>";
		};
		919FA10824C0BC95004EEE15 /* Products */ = {
			isa = PBXGroup;
			children = (
				919FA10724C0BC95004EEE15 /* KickerKill.app */,
				919FA11D24C0BC97004EEE15 /* KickerKillTests.xctest */,
			);
			name = Products;
			sourceTree = "<group>";
		};
		919FA10924C0BC95004EEE15 /* KickerKill */ = {
			isa = PBXGroup;
			children = (
				91D40EA024C0C26E00E5888E /* Application */,
				02BEA05025A75C54009154F0 /* Domain */,
				91D40E9724C0C22200E5888E /* Extensions */,
				91D40E8D24C0C16300E5888E /* Models */,
				91D40E4D24C0C14800E5888E /* Modules */,
				91D40E9024C0C1AC00E5888E /* VIPER */,
				91D40E3424C0BF8700E5888E /* Network */,
				919FA11824C0BC97004EEE15 /* Info.plist */,
				919FA11524C0BC97004EEE15 /* LaunchScreen.storyboard */,
				919FA11324C0BC97004EEE15 /* Assets.xcassets */,
			);
			path = KickerKill;
			sourceTree = "<group>";
		};
		919FA12024C0BC97004EEE15 /* KickerKillTests */ = {
			isa = PBXGroup;
			children = (
				0278BB5D263B1B470062DC40 /* Domain */,
				91CBABEF24C0CFB400D64578 /* Network */,
				91CBABD424C0CF9C00D64578 /* PlayersList */,
				02ED626D25DEF5B2002BB8A1 /* Match */,
				919FA12324C0BC97004EEE15 /* Info.plist */,
				91CBABF624C0CFBA00D64578 /* Test+Extensions.swift */,
				914EAECC24E5AB6B00553724 /* SnapshotTestCase.swift */,
			);
			path = KickerKillTests;
			sourceTree = "<group>";
		};
		91CBABD424C0CF9C00D64578 /* PlayersList */ = {
			isa = PBXGroup;
			children = (
				91CBABD524C0CF9C00D64578 /* Mock */,
				91CBABDB24C0CF9C00D64578 /* Presenter */,
				91CBABDD24C0CF9C00D64578 /* View */,
				91CBABDF24C0CF9C00D64578 /* Builder */,
				91CBABE124C0CF9C00D64578 /* Interactor */,
				91CBABE324C0CF9C00D64578 /* Router */,
			);
			path = PlayersList;
			sourceTree = "<group>";
		};
		91CBABD524C0CF9C00D64578 /* Mock */ = {
			isa = PBXGroup;
			children = (
				91CBABD624C0CF9C00D64578 /* MockPlayersListViewOutput.swift */,
				91CBABD724C0CF9C00D64578 /* MockPlayersListViewInput.swift */,
				91CBABD824C0CF9C00D64578 /* MockPlayersListRouterInput.swift */,
				91CBABD924C0CF9C00D64578 /* MockPlayersListInteractorInput.swift */,
				91CBABDA24C0CF9C00D64578 /* MockPlayersListInteractorOutput.swift */,
			);
			path = Mock;
			sourceTree = "<group>";
		};
		91CBABDB24C0CF9C00D64578 /* Presenter */ = {
			isa = PBXGroup;
			children = (
				91CBABDC24C0CF9C00D64578 /* PlayersListPresenterTests.swift */,
			);
			path = Presenter;
			sourceTree = "<group>";
		};
		91CBABDD24C0CF9C00D64578 /* View */ = {
			isa = PBXGroup;
			children = (
				91CBABDE24C0CF9C00D64578 /* PlayersListViewControllerTests.swift */,
			);
			path = View;
			sourceTree = "<group>";
		};
		91CBABDF24C0CF9C00D64578 /* Builder */ = {
			isa = PBXGroup;
			children = (
				91CBABE024C0CF9C00D64578 /* PlayersListModuleBuilderTests.swift */,
			);
			path = Builder;
			sourceTree = "<group>";
		};
		91CBABE124C0CF9C00D64578 /* Interactor */ = {
			isa = PBXGroup;
			children = (
				91CBABE224C0CF9C00D64578 /* PlayersListInteractorTests.swift */,
			);
			path = Interactor;
			sourceTree = "<group>";
		};
		91CBABE324C0CF9C00D64578 /* Router */ = {
			isa = PBXGroup;
			children = (
				91CBABE424C0CF9C00D64578 /* PlayersListRouterTests.swift */,
			);
			path = Router;
			sourceTree = "<group>";
		};
		91CBABEF24C0CFB400D64578 /* Network */ = {
			isa = PBXGroup;
			children = (
				91CBABF024C0CFB400D64578 /* Services */,
			);
			path = Network;
			sourceTree = "<group>";
		};
		91CBABF024C0CFB400D64578 /* Services */ = {
			isa = PBXGroup;
			children = (
				91CBABF124C0CFB400D64578 /* PlayerService */,
			);
			path = Services;
			sourceTree = "<group>";
		};
		91CBABF124C0CFB400D64578 /* PlayerService */ = {
			isa = PBXGroup;
			children = (
				91CBABF224C0CFB400D64578 /* MockWebService.swift */,
				91CBABF324C0CFB400D64578 /* PlayerServiceImplTests.swift */,
			);
			path = PlayerService;
			sourceTree = "<group>";
		};
		91D40E3424C0BF8700E5888E /* Network */ = {
			isa = PBXGroup;
			children = (
				91D40E3524C0BF8700E5888E /* Utils */,
				91D40E3824C0BF8700E5888E /* DTOs */,
				91D40E3B24C0BF8700E5888E /* Services */,
			);
			path = Network;
			sourceTree = "<group>";
		};
		91D40E3524C0BF8700E5888E /* Utils */ = {
			isa = PBXGroup;
			children = (
				91D40E3624C0BF8700E5888E /* FakeEquatable.swift */,
				91D40E3724C0BF8700E5888E /* HasInvocations.swift */,
			);
			path = Utils;
			sourceTree = "<group>";
		};
		91D40E3824C0BF8700E5888E /* DTOs */ = {
			isa = PBXGroup;
			children = (
				91D40E3924C0BF8700E5888E /* CreatePlayerDTO.swift */,
				91D40E3A24C0BF8700E5888E /* FetchPlayerDTO.swift */,
			);
			path = DTOs;
			sourceTree = "<group>";
		};
		91D40E3B24C0BF8700E5888E /* Services */ = {
			isa = PBXGroup;
			children = (
				91D40E3C24C0BF8700E5888E /* PlayerService */,
				91D40E3F24C0BF8700E5888E /* WebService.swift */,
				91D40E4024C0BF8700E5888E /* QueryParameters.swift */,
				91D40E4124C0BF8700E5888E /* FirebaseWebService.swift */,
			);
			path = Services;
			sourceTree = "<group>";
		};
		91D40E3C24C0BF8700E5888E /* PlayerService */ = {
			isa = PBXGroup;
			children = (
				91D40E3D24C0BF8700E5888E /* PlayerService.swift */,
				91D40E3E24C0BF8700E5888E /* PlayerServiceImpl.swift */,
			);
			path = PlayerService;
			sourceTree = "<group>";
		};
		91D40E4D24C0C14800E5888E /* Modules */ = {
			isa = PBXGroup;
			children = (
				91D40E4E24C0C14800E5888E /* SignIn */,
				91D40E5324C0C14800E5888E /* PlayersList */,
				02615EA2255DB7AC00326EF0 /* Match */,
				028147FA2656DDE100B1919F /* MatchScore */,
			);
			path = Modules;
			sourceTree = "<group>";
		};
		91D40E4E24C0C14800E5888E /* SignIn */ = {
			isa = PBXGroup;
			children = (
				91D40E4F24C0C14800E5888E /* SignInBuilder.swift */,
				91D40E5024C0C14800E5888E /* View */,
			);
			path = SignIn;
			sourceTree = "<group>";
		};
		91D40E5024C0C14800E5888E /* View */ = {
			isa = PBXGroup;
			children = (
				91D40E5124C0C14800E5888E /* SignIn.storyboard */,
				91D40E5224C0C14800E5888E /* SignInViewController.swift */,
			);
			path = View;
			sourceTree = "<group>";
		};
		91D40E5324C0C14800E5888E /* PlayersList */ = {
			isa = PBXGroup;
			children = (
				91D40E5724C0C14800E5888E /* PlayersListInterfaces.swift */,
				910C6FFB24DC72330071919F /* Models */,
				91D40E5424C0C14800E5888E /* Presenter */,
				91D40E5824C0C14800E5888E /* View */,
				91D40E5D24C0C14800E5888E /* Builder */,
				91D40E5F24C0C14800E5888E /* Interactor */,
				91D40E6324C0C14800E5888E /* Router */,
			);
			path = PlayersList;
			sourceTree = "<group>";
		};
		91D40E5424C0C14800E5888E /* Presenter */ = {
			isa = PBXGroup;
			children = (
				91D40E5524C0C14800E5888E /* PlayersListPresenter.swift */,
				91D40E5624C0C14800E5888E /* Team.swift */,
			);
			path = Presenter;
			sourceTree = "<group>";
		};
		91D40E5824C0C14800E5888E /* View */ = {
			isa = PBXGroup;
			children = (
				91D40E5924C0C14800E5888E /* PlayerListCell.xib */,
				91D40E5A24C0C14800E5888E /* PlayerListCell.swift */,
				91D40E5B24C0C14800E5888E /* PlayersList.storyboard */,
				91D40E5C24C0C14800E5888E /* PlayersListViewController.swift */,
			);
			path = View;
			sourceTree = "<group>";
		};
		91D40E5D24C0C14800E5888E /* Builder */ = {
			isa = PBXGroup;
			children = (
				91D40E5E24C0C14800E5888E /* PlayersListModuleBuilder.swift */,
			);
			path = Builder;
			sourceTree = "<group>";
		};
		91D40E5F24C0C14800E5888E /* Interactor */ = {
			isa = PBXGroup;
			children = (
				91D40E6024C0C14800E5888E /* PlayersListInteractor.swift */,
				91D40E6124C0C14800E5888E /* PlayersListInteractorOutput.swift */,
				91D40E6224C0C14800E5888E /* PlayersListInteractorInput.swift */,
			);
			path = Interactor;
			sourceTree = "<group>";
		};
		91D40E6324C0C14800E5888E /* Router */ = {
			isa = PBXGroup;
			children = (
				91D40E6424C0C14800E5888E /* PlayersListRouter.swift */,
			);
			path = Router;
			sourceTree = "<group>";
		};
		91D40E8D24C0C16300E5888E /* Models */ = {
			isa = PBXGroup;
			children = (
				91D40E8E24C0C16300E5888E /* Player.swift */,
			);
			path = Models;
			sourceTree = "<group>";
		};
		91D40E9024C0C1AC00E5888E /* VIPER */ = {
			isa = PBXGroup;
			children = (
				91D40E9224C0C1AC00E5888E /* UIStoryboardExtension.swift */,
			);
			path = VIPER;
			sourceTree = "<group>";
		};
		91D40E9724C0C22200E5888E /* Extensions */ = {
			isa = PBXGroup;
			children = (
				91D40E9824C0C22200E5888E /* Encodable+Extensions.swift */,
				91D40E9924C0C22200E5888E /* UITableView+Extensions.swift */,
				91D40E9A24C0C22200E5888E /* UI+Extensions.swift */,
				91D40E9B24C0C22200E5888E /* UICollectionView+Extensions.swift */,
			);
			path = Extensions;
			sourceTree = "<group>";
		};
		91D40EA024C0C26E00E5888E /* Application */ = {
			isa = PBXGroup;
			children = (
				91D40EA524C0C3D400E5888E /* Resources */,
				919FA10A24C0BC95004EEE15 /* AppDelegate.swift */,
				91D40EA324C0C29600E5888E /* Localizable.swift */,
				91D40EA124C0C27C00E5888E /* Identifiable.swift */,
			);
			path = Application;
			sourceTree = "<group>";
		};
		91D40EA524C0C3D400E5888E /* Resources */ = {
			isa = PBXGroup;
			children = (
				91D40EA624C0C3D400E5888E /* GoogleService-Info.plist */,
			);
			path = Resources;
			sourceTree = "<group>";
		};
		97C3AF9141945812D23E0FA2 /* Frameworks */ = {
			isa = PBXGroup;
			children = (
				80AD92F50F804D576DEC7C1C /* Pods_KickerKill.framework */,
				0DD803936657EA73B7410F71 /* Pods_KickerKillTests.framework */,
			);
			name = Frameworks;
			sourceTree = "<group>";
		};
		A5D291B3D85CFFF7AEA9C0BD /* Pods */ = {
			isa = PBXGroup;
			children = (
				3185238AA1917019A29AC6CA /* Pods-KickerKill.debug.xcconfig */,
				920AC06EBCE24F0C0161A1B4 /* Pods-KickerKill.release.xcconfig */,
				5CB76173BA80BE83E893A348 /* Pods-KickerKillTests.debug.xcconfig */,
				5372C891215B43F2A4FCE009 /* Pods-KickerKillTests.release.xcconfig */,
			);
			path = Pods;
			sourceTree = "<group>";
		};
/* End PBXGroup section */

/* Begin PBXNativeTarget section */
		919FA10624C0BC95004EEE15 /* KickerKill */ = {
			isa = PBXNativeTarget;
			buildConfigurationList = 919FA12624C0BC97004EEE15 /* Build configuration list for PBXNativeTarget "KickerKill" */;
			buildPhases = (
				A4DF47BA63343124CE10D9D3 /* [CP] Check Pods Manifest.lock */,
				919FA10324C0BC95004EEE15 /* Sources */,
				919FA10424C0BC95004EEE15 /* Frameworks */,
				919FA10524C0BC95004EEE15 /* Resources */,
				A529AB2C869937F447086046 /* [CP] Embed Pods Frameworks */,
				179F438DC81B8F2514643297 /* [CP] Copy Pods Resources */,
				91D40EAA24C0C92700E5888E /* Import VIPER modules */,
			);
			buildRules = (
			);
			dependencies = (
			);
			name = KickerKill;
			productName = KickerKill;
			productReference = 919FA10724C0BC95004EEE15 /* KickerKill.app */;
			productType = "com.apple.product-type.application";
		};
		919FA11C24C0BC97004EEE15 /* KickerKillTests */ = {
			isa = PBXNativeTarget;
			buildConfigurationList = 919FA12924C0BC97004EEE15 /* Build configuration list for PBXNativeTarget "KickerKillTests" */;
			buildPhases = (
				78DB62F1B22A5814F30F3C78 /* [CP] Check Pods Manifest.lock */,
				919FA11924C0BC97004EEE15 /* Sources */,
				919FA11A24C0BC97004EEE15 /* Frameworks */,
				919FA11B24C0BC97004EEE15 /* Resources */,
				BA93BA21793C21C1B7ABD09B /* [CP] Embed Pods Frameworks */,
			);
			buildRules = (
			);
			dependencies = (
				919FA11F24C0BC97004EEE15 /* PBXTargetDependency */,
			);
			name = KickerKillTests;
			productName = KickerKillTests;
			productReference = 919FA11D24C0BC97004EEE15 /* KickerKillTests.xctest */;
			productType = "com.apple.product-type.bundle.unit-test";
		};
/* End PBXNativeTarget section */

/* Begin PBXProject section */
		919FA0FF24C0BC95004EEE15 /* Project object */ = {
			isa = PBXProject;
			attributes = {
				LastSwiftUpdateCheck = 1140;
				LastUpgradeCheck = 1140;
				ORGANIZATIONNAME = TNTStudios;
				TargetAttributes = {
					919FA10624C0BC95004EEE15 = {
						CreatedOnToolsVersion = 11.4.1;
					};
					919FA11C24C0BC97004EEE15 = {
						CreatedOnToolsVersion = 11.4.1;
						TestTargetID = 919FA10624C0BC95004EEE15;
					};
				};
			};
			buildConfigurationList = 919FA10224C0BC95004EEE15 /* Build configuration list for PBXProject "KickerKill" */;
			compatibilityVersion = "Xcode 9.3";
			developmentRegion = en;
			hasScannedForEncodings = 0;
			knownRegions = (
				en,
				Base,
			);
			mainGroup = 919FA0FE24C0BC95004EEE15;
			productRefGroup = 919FA10824C0BC95004EEE15 /* Products */;
			projectDirPath = "";
			projectRoot = "";
			targets = (
				919FA10624C0BC95004EEE15 /* KickerKill */,
				919FA11C24C0BC97004EEE15 /* KickerKillTests */,
			);
		};
/* End PBXProject section */

/* Begin PBXResourcesBuildPhase section */
		919FA10524C0BC95004EEE15 /* Resources */ = {
			isa = PBXResourcesBuildPhase;
			buildActionMask = 2147483647;
			files = (
				91D40E7524C0C14800E5888E /* SignIn.storyboard in Resources */,
				91D40E7A24C0C14800E5888E /* PlayerListCell.xib in Resources */,
				919FA11724C0BC97004EEE15 /* LaunchScreen.storyboard in Resources */,
				028D2A8D25A7672A00D2A76A /* Match.storyboard in Resources */,
				91D40E7C24C0C14800E5888E /* PlayersList.storyboard in Resources */,
				0281480A2656DDE100B1919F /* MatchScore.storyboard in Resources */,
				919FA11424C0BC97004EEE15 /* Assets.xcassets in Resources */,
				91D40EA724C0C3D400E5888E /* GoogleService-Info.plist in Resources */,
			);
			runOnlyForDeploymentPostprocessing = 0;
		};
		919FA11B24C0BC97004EEE15 /* Resources */ = {
			isa = PBXResourcesBuildPhase;
			buildActionMask = 2147483647;
			files = (
			);
			runOnlyForDeploymentPostprocessing = 0;
		};
/* End PBXResourcesBuildPhase section */

/* Begin PBXShellScriptBuildPhase section */
		179F438DC81B8F2514643297 /* [CP] Copy Pods Resources */ = {
			isa = PBXShellScriptBuildPhase;
			buildActionMask = 2147483647;
			files = (
			);
			inputFileListPaths = (
				"${PODS_ROOT}/Target Support Files/Pods-KickerKill/Pods-KickerKill-resources-${CONFIGURATION}-input-files.xcfilelist",
			);
			name = "[CP] Copy Pods Resources";
			outputFileListPaths = (
				"${PODS_ROOT}/Target Support Files/Pods-KickerKill/Pods-KickerKill-resources-${CONFIGURATION}-output-files.xcfilelist",
			);
			runOnlyForDeploymentPostprocessing = 0;
			shellPath = /bin/sh;
			shellScript = "\"${PODS_ROOT}/Target Support Files/Pods-KickerKill/Pods-KickerKill-resources.sh\"\n";
			showEnvVarsInLog = 0;
		};
		78DB62F1B22A5814F30F3C78 /* [CP] Check Pods Manifest.lock */ = {
			isa = PBXShellScriptBuildPhase;
			buildActionMask = 2147483647;
			files = (
			);
			inputFileListPaths = (
			);
			inputPaths = (
				"${PODS_PODFILE_DIR_PATH}/Podfile.lock",
				"${PODS_ROOT}/Manifest.lock",
			);
			name = "[CP] Check Pods Manifest.lock";
			outputFileListPaths = (
			);
			outputPaths = (
				"$(DERIVED_FILE_DIR)/Pods-KickerKillTests-checkManifestLockResult.txt",
			);
			runOnlyForDeploymentPostprocessing = 0;
			shellPath = /bin/sh;
			shellScript = "diff \"${PODS_PODFILE_DIR_PATH}/Podfile.lock\" \"${PODS_ROOT}/Manifest.lock\" > /dev/null\nif [ $? != 0 ] ; then\n    # print error to STDERR\n    echo \"error: The sandbox is not in sync with the Podfile.lock. Run 'pod install' or update your CocoaPods installation.\" >&2\n    exit 1\nfi\n# This output is used by Xcode 'outputs' to avoid re-running this script phase.\necho \"SUCCESS\" > \"${SCRIPT_OUTPUT_FILE_0}\"\n";
			showEnvVarsInLog = 0;
		};
		91D40EAA24C0C92700E5888E /* Import VIPER modules */ = {
			isa = PBXShellScriptBuildPhase;
			buildActionMask = 2147483647;
			files = (
			);
			inputFileListPaths = (
			);
			inputPaths = (
			);
			name = "Import VIPER modules";
			outputFileListPaths = (
			);
			outputPaths = (
			);
			runOnlyForDeploymentPostprocessing = 0;
			shellPath = /bin/sh;
			shellScript = "mkdir -p ~/Library/Developer/Xcode/Templates/File\\ Templates/Source\nfor D in ${PROJECT_DIR}/xCodeTemplates/*; do\nif [ -d \"${D}\" ]; then\nln -s -f \"${D}\" ~/Library/Developer/Xcode/Templates/File\\ Templates/Source\nfi\ndone\n";
		};
		A4DF47BA63343124CE10D9D3 /* [CP] Check Pods Manifest.lock */ = {
			isa = PBXShellScriptBuildPhase;
			buildActionMask = 2147483647;
			files = (
			);
			inputFileListPaths = (
			);
			inputPaths = (
				"${PODS_PODFILE_DIR_PATH}/Podfile.lock",
				"${PODS_ROOT}/Manifest.lock",
			);
			name = "[CP] Check Pods Manifest.lock";
			outputFileListPaths = (
			);
			outputPaths = (
				"$(DERIVED_FILE_DIR)/Pods-KickerKill-checkManifestLockResult.txt",
			);
			runOnlyForDeploymentPostprocessing = 0;
			shellPath = /bin/sh;
			shellScript = "diff \"${PODS_PODFILE_DIR_PATH}/Podfile.lock\" \"${PODS_ROOT}/Manifest.lock\" > /dev/null\nif [ $? != 0 ] ; then\n    # print error to STDERR\n    echo \"error: The sandbox is not in sync with the Podfile.lock. Run 'pod install' or update your CocoaPods installation.\" >&2\n    exit 1\nfi\n# This output is used by Xcode 'outputs' to avoid re-running this script phase.\necho \"SUCCESS\" > \"${SCRIPT_OUTPUT_FILE_0}\"\n";
			showEnvVarsInLog = 0;
		};
		A529AB2C869937F447086046 /* [CP] Embed Pods Frameworks */ = {
			isa = PBXShellScriptBuildPhase;
			buildActionMask = 2147483647;
			files = (
			);
			inputFileListPaths = (
				"${PODS_ROOT}/Target Support Files/Pods-KickerKill/Pods-KickerKill-frameworks-${CONFIGURATION}-input-files.xcfilelist",
			);
			name = "[CP] Embed Pods Frameworks";
			outputFileListPaths = (
				"${PODS_ROOT}/Target Support Files/Pods-KickerKill/Pods-KickerKill-frameworks-${CONFIGURATION}-output-files.xcfilelist",
			);
			runOnlyForDeploymentPostprocessing = 0;
			shellPath = /bin/sh;
			shellScript = "\"${PODS_ROOT}/Target Support Files/Pods-KickerKill/Pods-KickerKill-frameworks.sh\"\n";
			showEnvVarsInLog = 0;
		};
		BA93BA21793C21C1B7ABD09B /* [CP] Embed Pods Frameworks */ = {
			isa = PBXShellScriptBuildPhase;
			buildActionMask = 2147483647;
			files = (
			);
			inputFileListPaths = (
				"${PODS_ROOT}/Target Support Files/Pods-KickerKillTests/Pods-KickerKillTests-frameworks-${CONFIGURATION}-input-files.xcfilelist",
			);
			name = "[CP] Embed Pods Frameworks";
			outputFileListPaths = (
				"${PODS_ROOT}/Target Support Files/Pods-KickerKillTests/Pods-KickerKillTests-frameworks-${CONFIGURATION}-output-files.xcfilelist",
			);
			runOnlyForDeploymentPostprocessing = 0;
			shellPath = /bin/sh;
			shellScript = "\"${PODS_ROOT}/Target Support Files/Pods-KickerKillTests/Pods-KickerKillTests-frameworks.sh\"\n";
			showEnvVarsInLog = 0;
		};
/* End PBXShellScriptBuildPhase section */

/* Begin PBXSourcesBuildPhase section */
		919FA10324C0BC95004EEE15 /* Sources */ = {
			isa = PBXSourcesBuildPhase;
			buildActionMask = 2147483647;
			files = (
				91D40E7724C0C14800E5888E /* PlayersListPresenter.swift in Sources */,
				91D40E9F24C0C22300E5888E /* UICollectionView+Extensions.swift in Sources */,
				91D40E7824C0C14800E5888E /* Team.swift in Sources */,
				028148112656DDE100B1919F /* MatchScoreRouter.swift in Sources */,
				0281480B2656DDE100B1919F /* MatchScoreViewController.swift in Sources */,
				91D40E8224C0C14800E5888E /* PlayersListRouter.swift in Sources */,
				91D40E4524C0BF8700E5888E /* FetchPlayerDTO.swift in Sources */,
				028148092656DDE100B1919F /* MatchScorePresenter.swift in Sources */,
				02615EB6255DB7AC00326EF0 /* MatchInteractorInput.swift in Sources */,
				91D40E7924C0C14800E5888E /* PlayersListInterfaces.swift in Sources */,
				91D40EA224C0C27C00E5888E /* Identifiable.swift in Sources */,
				0281480D2656DDE100B1919F /* MatchScoreInteractorInput.swift in Sources */,
				91D40E7424C0C14800E5888E /* SignInBuilder.swift in Sources */,
				91D40E4424C0BF8700E5888E /* CreatePlayerDTO.swift in Sources */,
				91D40E4924C0BF8700E5888E /* QueryParameters.swift in Sources */,
				91D40E8F24C0C16300E5888E /* Player.swift in Sources */,
				91D40EA424C0C29600E5888E /* Localizable.swift in Sources */,
				02615EB5255DB7AC00326EF0 /* MatchModuleBuilder.swift in Sources */,
				91D40E7F24C0C14800E5888E /* PlayersListInteractor.swift in Sources */,
				91D40E8124C0C14800E5888E /* PlayersListInteractorInput.swift in Sources */,
				0281480F2656DDE100B1919F /* MatchScoreInteractor.swift in Sources */,
				0281480C2656DDE100B1919F /* MatchScoreModuleBuilder.swift in Sources */,
				02615EB8255DB7AC00326EF0 /* MatchInteractor.swift in Sources */,
				91D40E7B24C0C14800E5888E /* PlayerListCell.swift in Sources */,
				91D40E9D24C0C22300E5888E /* UITableView+Extensions.swift in Sources */,
				028148102656DDE100B1919F /* MatchScoreInterfaces.swift in Sources */,
				02615EB7255DB7AC00326EF0 /* MatchInteractorOutput.swift in Sources */,
				0245409D25C33565003C0C83 /* MatchData.swift in Sources */,
				91D40E4624C0BF8700E5888E /* PlayerService.swift in Sources */,
				02615EB4255DB7AC00326EF0 /* MatchViewController.swift in Sources */,
				91D40E4724C0BF8700E5888E /* PlayerServiceImpl.swift in Sources */,
				91D40E8024C0C14800E5888E /* PlayersListInteractorOutput.swift in Sources */,
				02615EB2255DB7AC00326EF0 /* MatchPresenter.swift in Sources */,
				02615EB9255DB7AC00326EF0 /* MatchRouter.swift in Sources */,
				91D40E9E24C0C22300E5888E /* UI+Extensions.swift in Sources */,
				0281480E2656DDE100B1919F /* MatchScoreInteractorOutput.swift in Sources */,
				919FA10B24C0BC95004EEE15 /* AppDelegate.swift in Sources */,
				91D40E7624C0C14800E5888E /* SignInViewController.swift in Sources */,
				02615EB1255DB7AC00326EF0 /* MatchInterfaces.swift in Sources */,
				910C6FFD24DC74AE0071919F /* PlayersListViewDataModel.swift in Sources */,
				91D40E4824C0BF8700E5888E /* WebService.swift in Sources */,
				91D40E9C24C0C22300E5888E /* Encodable+Extensions.swift in Sources */,
				91D40E9524C0C1AC00E5888E /* UIStoryboardExtension.swift in Sources */,
				91D40E4A24C0BF8700E5888E /* FirebaseWebService.swift in Sources */,
				91D40E7E24C0C14800E5888E /* PlayersListModuleBuilder.swift in Sources */,
				028DD43925DF0FAC002E3B6C /* MatchViewDataModel.swift in Sources */,
				91D40E7D24C0C14800E5888E /* PlayersListViewController.swift in Sources */,
			);
			runOnlyForDeploymentPostprocessing = 0;
		};
		919FA11924C0BC97004EEE15 /* Sources */ = {
			isa = PBXSourcesBuildPhase;
			buildActionMask = 2147483647;
			files = (
				91CBABE824C0CF9C00D64578 /* MockPlayersListInteractorInput.swift in Sources */,
				02ED628D25DEF5B2002BB8A1 /* MatchRouterTests.swift in Sources */,
				91CBABF724C0CFBA00D64578 /* Test+Extensions.swift in Sources */,
				91CBABEE24C0CF9C00D64578 /* PlayersListRouterTests.swift in Sources */,
				91CBABF524C0CFB400D64578 /* PlayerServiceImplTests.swift in Sources */,
				91CBABE724C0CF9C00D64578 /* MockPlayersListRouterInput.swift in Sources */,
				91CBABED24C0CF9C00D64578 /* PlayersListInteractorTests.swift in Sources */,
				91CBABE924C0CF9C00D64578 /* MockPlayersListInteractorOutput.swift in Sources */,
				020E146B2697759E0008946C /* MockMatchModuleOutput.swift in Sources */,
				02ED628225DEF5B2002BB8A1 /* MockMatchRouterInput.swift in Sources */,
				02ED628825DEF5B2002BB8A1 /* MatchViewControllerTests.swift in Sources */,
				02ED628925DEF5B2002BB8A1 /* MatchModuleBuilderTests.swift in Sources */,
				0278BB5F263B1B5C0062DC40 /* MatchDataTests.swift in Sources */,
				91CBABF424C0CFB400D64578 /* MockWebService.swift in Sources */,
				0280A04625E82D6F00D6A599 /* MatchViewDataModelTests.swift in Sources */,
				91CBABE524C0CF9C00D64578 /* MockPlayersListViewOutput.swift in Sources */,
				91D40E4B24C0C0E600E5888E /* HasInvocations.swift in Sources */,
				91CBABE624C0CF9C00D64578 /* MockPlayersListViewInput.swift in Sources */,
				91D40E4C24C0C10000E5888E /* FakeEquatable.swift in Sources */,
				02ED628425DEF5B2002BB8A1 /* MockMatchViewInput.swift in Sources */,
				91CBABEA24C0CF9C00D64578 /* PlayersListPresenterTests.swift in Sources */,
				914EAECD24E5AB6B00553724 /* SnapshotTestCase.swift in Sources */,
				91CBABEB24C0CF9C00D64578 /* PlayersListViewControllerTests.swift in Sources */,
				02ED628525DEF5B2002BB8A1 /* MockMatchViewOutput.swift in Sources */,
				91CBABEC24C0CF9C00D64578 /* PlayersListModuleBuilderTests.swift in Sources */,
				02ED628625DEF5B2002BB8A1 /* MockMatchInteractorOutput.swift in Sources */,
				02ED628325DEF5B2002BB8A1 /* MockMatchInteractorInput.swift in Sources */,
				02ED628725DEF5B2002BB8A1 /* MatchPresenterTests.swift in Sources */,
			);
			runOnlyForDeploymentPostprocessing = 0;
		};
/* End PBXSourcesBuildPhase section */

/* Begin PBXTargetDependency section */
		919FA11F24C0BC97004EEE15 /* PBXTargetDependency */ = {
			isa = PBXTargetDependency;
			target = 919FA10624C0BC95004EEE15 /* KickerKill */;
			targetProxy = 919FA11E24C0BC97004EEE15 /* PBXContainerItemProxy */;
		};
/* End PBXTargetDependency section */

/* Begin PBXVariantGroup section */
		919FA11524C0BC97004EEE15 /* LaunchScreen.storyboard */ = {
			isa = PBXVariantGroup;
			children = (
				919FA11624C0BC97004EEE15 /* Base */,
			);
			name = LaunchScreen.storyboard;
			sourceTree = "<group>";
		};
/* End PBXVariantGroup section */

/* Begin XCBuildConfiguration section */
		919FA12424C0BC97004EEE15 /* Debug */ = {
			isa = XCBuildConfiguration;
			buildSettings = {
				ALWAYS_EMBED_SWIFT_STANDARD_LIBRARIES = "$(inherited)";
				ALWAYS_SEARCH_USER_PATHS = NO;
				CLANG_ANALYZER_NONNULL = YES;
				CLANG_ANALYZER_NUMBER_OBJECT_CONVERSION = YES_AGGRESSIVE;
				CLANG_CXX_LANGUAGE_STANDARD = "gnu++14";
				CLANG_CXX_LIBRARY = "libc++";
				CLANG_ENABLE_MODULES = YES;
				CLANG_ENABLE_OBJC_ARC = YES;
				CLANG_ENABLE_OBJC_WEAK = YES;
				CLANG_WARN_BLOCK_CAPTURE_AUTORELEASING = YES;
				CLANG_WARN_BOOL_CONVERSION = YES;
				CLANG_WARN_COMMA = YES;
				CLANG_WARN_CONSTANT_CONVERSION = YES;
				CLANG_WARN_DEPRECATED_OBJC_IMPLEMENTATIONS = YES;
				CLANG_WARN_DIRECT_OBJC_ISA_USAGE = YES_ERROR;
				CLANG_WARN_DOCUMENTATION_COMMENTS = YES;
				CLANG_WARN_EMPTY_BODY = YES;
				CLANG_WARN_ENUM_CONVERSION = YES;
				CLANG_WARN_INFINITE_RECURSION = YES;
				CLANG_WARN_INT_CONVERSION = YES;
				CLANG_WARN_NON_LITERAL_NULL_CONVERSION = YES;
				CLANG_WARN_OBJC_IMPLICIT_RETAIN_SELF = YES;
				CLANG_WARN_OBJC_LITERAL_CONVERSION = YES;
				CLANG_WARN_OBJC_ROOT_CLASS = YES_ERROR;
				CLANG_WARN_RANGE_LOOP_ANALYSIS = YES;
				CLANG_WARN_STRICT_PROTOTYPES = YES;
				CLANG_WARN_SUSPICIOUS_MOVE = YES;
				CLANG_WARN_UNGUARDED_AVAILABILITY = YES_AGGRESSIVE;
				CLANG_WARN_UNREACHABLE_CODE = YES;
				CLANG_WARN__DUPLICATE_METHOD_MATCH = YES;
				COPY_PHASE_STRIP = NO;
				DEBUG_INFORMATION_FORMAT = dwarf;
				ENABLE_STRICT_OBJC_MSGSEND = YES;
				ENABLE_TESTABILITY = YES;
				GCC_C_LANGUAGE_STANDARD = gnu11;
				GCC_DYNAMIC_NO_PIC = NO;
				GCC_NO_COMMON_BLOCKS = YES;
				GCC_OPTIMIZATION_LEVEL = 0;
				GCC_PREPROCESSOR_DEFINITIONS = (
					"DEBUG=1",
					"$(inherited)",
				);
				GCC_WARN_64_TO_32_BIT_CONVERSION = YES;
				GCC_WARN_ABOUT_RETURN_TYPE = YES_ERROR;
				GCC_WARN_UNDECLARED_SELECTOR = YES;
				GCC_WARN_UNINITIALIZED_AUTOS = YES_AGGRESSIVE;
				GCC_WARN_UNUSED_FUNCTION = YES;
				GCC_WARN_UNUSED_VARIABLE = YES;
				IPHONEOS_DEPLOYMENT_TARGET = 11.0;
				MTL_ENABLE_DEBUG_INFO = INCLUDE_SOURCE;
				MTL_FAST_MATH = YES;
				ONLY_ACTIVE_ARCH = YES;
				SDKROOT = iphoneos;
				SWIFT_ACTIVE_COMPILATION_CONDITIONS = DEBUG;
				SWIFT_OPTIMIZATION_LEVEL = "-Onone";
			};
			name = Debug;
		};
		919FA12524C0BC97004EEE15 /* Release */ = {
			isa = XCBuildConfiguration;
			buildSettings = {
				ALWAYS_EMBED_SWIFT_STANDARD_LIBRARIES = "$(inherited)";
				ALWAYS_SEARCH_USER_PATHS = NO;
				CLANG_ANALYZER_NONNULL = YES;
				CLANG_ANALYZER_NUMBER_OBJECT_CONVERSION = YES_AGGRESSIVE;
				CLANG_CXX_LANGUAGE_STANDARD = "gnu++14";
				CLANG_CXX_LIBRARY = "libc++";
				CLANG_ENABLE_MODULES = YES;
				CLANG_ENABLE_OBJC_ARC = YES;
				CLANG_ENABLE_OBJC_WEAK = YES;
				CLANG_WARN_BLOCK_CAPTURE_AUTORELEASING = YES;
				CLANG_WARN_BOOL_CONVERSION = YES;
				CLANG_WARN_COMMA = YES;
				CLANG_WARN_CONSTANT_CONVERSION = YES;
				CLANG_WARN_DEPRECATED_OBJC_IMPLEMENTATIONS = YES;
				CLANG_WARN_DIRECT_OBJC_ISA_USAGE = YES_ERROR;
				CLANG_WARN_DOCUMENTATION_COMMENTS = YES;
				CLANG_WARN_EMPTY_BODY = YES;
				CLANG_WARN_ENUM_CONVERSION = YES;
				CLANG_WARN_INFINITE_RECURSION = YES;
				CLANG_WARN_INT_CONVERSION = YES;
				CLANG_WARN_NON_LITERAL_NULL_CONVERSION = YES;
				CLANG_WARN_OBJC_IMPLICIT_RETAIN_SELF = YES;
				CLANG_WARN_OBJC_LITERAL_CONVERSION = YES;
				CLANG_WARN_OBJC_ROOT_CLASS = YES_ERROR;
				CLANG_WARN_RANGE_LOOP_ANALYSIS = YES;
				CLANG_WARN_STRICT_PROTOTYPES = YES;
				CLANG_WARN_SUSPICIOUS_MOVE = YES;
				CLANG_WARN_UNGUARDED_AVAILABILITY = YES_AGGRESSIVE;
				CLANG_WARN_UNREACHABLE_CODE = YES;
				CLANG_WARN__DUPLICATE_METHOD_MATCH = YES;
				COPY_PHASE_STRIP = NO;
				DEBUG_INFORMATION_FORMAT = "dwarf-with-dsym";
				ENABLE_NS_ASSERTIONS = NO;
				ENABLE_STRICT_OBJC_MSGSEND = YES;
				GCC_C_LANGUAGE_STANDARD = gnu11;
				GCC_NO_COMMON_BLOCKS = YES;
				GCC_WARN_64_TO_32_BIT_CONVERSION = YES;
				GCC_WARN_ABOUT_RETURN_TYPE = YES_ERROR;
				GCC_WARN_UNDECLARED_SELECTOR = YES;
				GCC_WARN_UNINITIALIZED_AUTOS = YES_AGGRESSIVE;
				GCC_WARN_UNUSED_FUNCTION = YES;
				GCC_WARN_UNUSED_VARIABLE = YES;
				IPHONEOS_DEPLOYMENT_TARGET = 11.0;
				MTL_ENABLE_DEBUG_INFO = NO;
				MTL_FAST_MATH = YES;
				SDKROOT = iphoneos;
				SWIFT_COMPILATION_MODE = wholemodule;
				SWIFT_OPTIMIZATION_LEVEL = "-O";
				VALIDATE_PRODUCT = YES;
			};
			name = Release;
		};
		919FA12724C0BC97004EEE15 /* Debug */ = {
			isa = XCBuildConfiguration;
			baseConfigurationReference = 3185238AA1917019A29AC6CA /* Pods-KickerKill.debug.xcconfig */;
			buildSettings = {
				ASSETCATALOG_COMPILER_APPICON_NAME = AppIcon;
				CODE_SIGN_STYLE = Automatic;
				DEVELOPMENT_TEAM = MG2UCY5382;
				INFOPLIST_FILE = KickerKill/Info.plist;
				IPHONEOS_DEPLOYMENT_TARGET = 11.0;
				LD_RUNPATH_SEARCH_PATHS = (
					"$(inherited)",
					"@executable_path/Frameworks",
				);
				PRODUCT_BUNDLE_IDENTIFIER = br.com.tntstudios.KickerKill;
				PRODUCT_NAME = "$(TARGET_NAME)";
				SWIFT_VERSION = 5.0;
				TARGETED_DEVICE_FAMILY = "1,2";
			};
			name = Debug;
		};
		919FA12824C0BC97004EEE15 /* Release */ = {
			isa = XCBuildConfiguration;
			baseConfigurationReference = 920AC06EBCE24F0C0161A1B4 /* Pods-KickerKill.release.xcconfig */;
			buildSettings = {
				ASSETCATALOG_COMPILER_APPICON_NAME = AppIcon;
				CODE_SIGN_STYLE = Automatic;
				DEVELOPMENT_TEAM = MG2UCY5382;
				INFOPLIST_FILE = KickerKill/Info.plist;
				IPHONEOS_DEPLOYMENT_TARGET = 11.0;
				LD_RUNPATH_SEARCH_PATHS = (
					"$(inherited)",
					"@executable_path/Frameworks",
				);
				PRODUCT_BUNDLE_IDENTIFIER = br.com.tntstudios.KickerKill;
				PRODUCT_NAME = "$(TARGET_NAME)";
				SWIFT_VERSION = 5.0;
				TARGETED_DEVICE_FAMILY = "1,2";
			};
			name = Release;
		};
		919FA12A24C0BC97004EEE15 /* Debug */ = {
			isa = XCBuildConfiguration;
			baseConfigurationReference = 5CB76173BA80BE83E893A348 /* Pods-KickerKillTests.debug.xcconfig */;
			buildSettings = {
				ALWAYS_EMBED_SWIFT_STANDARD_LIBRARIES = "$(inherited)";
				BUNDLE_LOADER = "$(TEST_HOST)";
				CODE_SIGN_STYLE = Automatic;
				DEVELOPMENT_TEAM = MG2UCY5382;
				INFOPLIST_FILE = KickerKillTests/Info.plist;
				IPHONEOS_DEPLOYMENT_TARGET = 11.0;
				LD_RUNPATH_SEARCH_PATHS = (
					"$(inherited)",
					"@executable_path/Frameworks",
					"@loader_path/Frameworks",
				);
				PRODUCT_BUNDLE_IDENTIFIER = tntstudios.com.br.KickerKillTests;
				PRODUCT_NAME = "$(TARGET_NAME)";
				SWIFT_VERSION = 5.0;
				TARGETED_DEVICE_FAMILY = "1,2";
				TEST_HOST = "$(BUILT_PRODUCTS_DIR)/KickerKill.app/KickerKill";
			};
			name = Debug;
		};
		919FA12B24C0BC97004EEE15 /* Release */ = {
			isa = XCBuildConfiguration;
			baseConfigurationReference = 5372C891215B43F2A4FCE009 /* Pods-KickerKillTests.release.xcconfig */;
			buildSettings = {
				ALWAYS_EMBED_SWIFT_STANDARD_LIBRARIES = "$(inherited)";
				BUNDLE_LOADER = "$(TEST_HOST)";
				CODE_SIGN_STYLE = Automatic;
				DEVELOPMENT_TEAM = MG2UCY5382;
				INFOPLIST_FILE = KickerKillTests/Info.plist;
				IPHONEOS_DEPLOYMENT_TARGET = 11.0;
				LD_RUNPATH_SEARCH_PATHS = (
					"$(inherited)",
					"@executable_path/Frameworks",
					"@loader_path/Frameworks",
				);
				PRODUCT_BUNDLE_IDENTIFIER = tntstudios.com.br.KickerKillTests;
				PRODUCT_NAME = "$(TARGET_NAME)";
				SWIFT_VERSION = 5.0;
				TARGETED_DEVICE_FAMILY = "1,2";
				TEST_HOST = "$(BUILT_PRODUCTS_DIR)/KickerKill.app/KickerKill";
			};
			name = Release;
		};
/* End XCBuildConfiguration section */

/* Begin XCConfigurationList section */
		919FA10224C0BC95004EEE15 /* Build configuration list for PBXProject "KickerKill" */ = {
			isa = XCConfigurationList;
			buildConfigurations = (
				919FA12424C0BC97004EEE15 /* Debug */,
				919FA12524C0BC97004EEE15 /* Release */,
			);
			defaultConfigurationIsVisible = 0;
			defaultConfigurationName = Release;
		};
		919FA12624C0BC97004EEE15 /* Build configuration list for PBXNativeTarget "KickerKill" */ = {
			isa = XCConfigurationList;
			buildConfigurations = (
				919FA12724C0BC97004EEE15 /* Debug */,
				919FA12824C0BC97004EEE15 /* Release */,
			);
			defaultConfigurationIsVisible = 0;
			defaultConfigurationName = Release;
		};
		919FA12924C0BC97004EEE15 /* Build configuration list for PBXNativeTarget "KickerKillTests" */ = {
			isa = XCConfigurationList;
			buildConfigurations = (
				919FA12A24C0BC97004EEE15 /* Debug */,
				919FA12B24C0BC97004EEE15 /* Release */,
			);
			defaultConfigurationIsVisible = 0;
			defaultConfigurationName = Release;
		};
/* End XCConfigurationList section */
	};
	rootObject = 919FA0FF24C0BC95004EEE15 /* Project object */;
}
