// !$*UTF8*$!
{
	archiveVersion = 1;
	classes = {
	};
	objectVersion = 51;
	objects = {

/* Begin PBXBuildFile section */
		020069DF23DCB1FE00FB2EA8 /* GoogleService-Info.plist in Resources */ = {isa = PBXBuildFile; fileRef = 020069DD23DCB1F600FB2EA8 /* GoogleService-Info.plist */; };
		02172A46235335D900CE66B8 /* Identifiable.swift in Sources */ = {isa = PBXBuildFile; fileRef = 02172A45235335D900CE66B8 /* Identifiable.swift */; };
		02255178232414B200B7A42A /* BaseNavigationController.swift in Sources */ = {isa = PBXBuildFile; fileRef = 02255177232414B200B7A42A /* BaseNavigationController.swift */; };
		0225517B2324151D00B7A42A /* BaseWireframe.swift in Sources */ = {isa = PBXBuildFile; fileRef = 0225517A2324151D00B7A42A /* BaseWireframe.swift */; };
		0225517F2324174700B7A42A /* SoundEffectsWireframe.swift in Sources */ = {isa = PBXBuildFile; fileRef = 0225517E2324174700B7A42A /* SoundEffectsWireframe.swift */; };
		022551812324185500B7A42A /* UIStoryboardExtension.swift in Sources */ = {isa = PBXBuildFile; fileRef = 022551802324185500B7A42A /* UIStoryboardExtension.swift */; };
		02255183232418B200B7A42A /* SoundEffectsViewController.swift in Sources */ = {isa = PBXBuildFile; fileRef = 02255182232418B200B7A42A /* SoundEffectsViewController.swift */; };
		022551852324192600B7A42A /* SoundEffectsInteractor.swift in Sources */ = {isa = PBXBuildFile; fileRef = 022551842324192600B7A42A /* SoundEffectsInteractor.swift */; };
		022551872324199400B7A42A /* SoundEffectsInterfaces.swift in Sources */ = {isa = PBXBuildFile; fileRef = 022551862324199400B7A42A /* SoundEffectsInterfaces.swift */; };
		02255189232419D800B7A42A /* PresenterInterface.swift in Sources */ = {isa = PBXBuildFile; fileRef = 02255188232419D800B7A42A /* PresenterInterface.swift */; };
		0225518B23241A0A00B7A42A /* SoundEffectsPresenter.swift in Sources */ = {isa = PBXBuildFile; fileRef = 0225518A23241A0A00B7A42A /* SoundEffectsPresenter.swift */; };
		02255191232420E500B7A42A /* SoundEffects.storyboard in Resources */ = {isa = PBXBuildFile; fileRef = 02255190232420E500B7A42A /* SoundEffects.storyboard */; };
		0233761B23EC9CA8009B1B16 /* SignIn.storyboard in Resources */ = {isa = PBXBuildFile; fileRef = 0233761A23EC9CA8009B1B16 /* SignIn.storyboard */; };
		0233761D23EC9D55009B1B16 /* SignInBuilder.swift in Sources */ = {isa = PBXBuildFile; fileRef = 0233761C23EC9D55009B1B16 /* SignInBuilder.swift */; };
		0233762023EC9E19009B1B16 /* SignInViewController.swift in Sources */ = {isa = PBXBuildFile; fileRef = 0233761F23EC9E19009B1B16 /* SignInViewController.swift */; };
		0233762323ECA5D5009B1B16 /* Player.swift in Sources */ = {isa = PBXBuildFile; fileRef = 0233762223ECA5D5009B1B16 /* Player.swift */; };
		02343578232D38D30007C98E /* SoundEffect.swift in Sources */ = {isa = PBXBuildFile; fileRef = 02343577232D38D30007C98E /* SoundEffect.swift */; };
		0234357D232D3C3F0007C98E /* SoundEffectData.swift in Sources */ = {isa = PBXBuildFile; fileRef = 0234357C232D3C3F0007C98E /* SoundEffectData.swift */; };
		02343580232D3F010007C98E /* SoundItemCollectionViewCell.swift in Sources */ = {isa = PBXBuildFile; fileRef = 0234357F232D3F010007C98E /* SoundItemCollectionViewCell.swift */; };
		023900CA235B6D4800325717 /* impressive.mp3 in Resources */ = {isa = PBXBuildFile; fileRef = 023900C5235B6D4800325717 /* impressive.mp3 */; };
		023900CB235B6D4800325717 /* denied.mp3 in Resources */ = {isa = PBXBuildFile; fileRef = 023900C6235B6D4800325717 /* denied.mp3 */; };
		023900CC235B6D4800325717 /* humiliation.mp3 in Resources */ = {isa = PBXBuildFile; fileRef = 023900C7235B6D4800325717 /* humiliation.mp3 */; };
		023900CD235B6D4800325717 /* prepare_to_fight.mp3 in Resources */ = {isa = PBXBuildFile; fileRef = 023900C8235B6D4800325717 /* prepare_to_fight.mp3 */; };
		023900CE235B6D4800325717 /* holy_shit.mp3 in Resources */ = {isa = PBXBuildFile; fileRef = 023900C9235B6D4800325717 /* holy_shit.mp3 */; };
		023900D0235B6E1F00325717 /* AudioPlayer.swift in Sources */ = {isa = PBXBuildFile; fileRef = 023900CF235B6E1F00325717 /* AudioPlayer.swift */; };
		023900D3235B72A300325717 /* AVFoundation.framework in Frameworks */ = {isa = PBXBuildFile; fileRef = 023900D2235B72A300325717 /* AVFoundation.framework */; };
		023900D5235B7BD100325717 /* UICollectionView+Extensions.swift in Sources */ = {isa = PBXBuildFile; fileRef = 023900D4235B7BD100325717 /* UICollectionView+Extensions.swift */; };
		02729C1F2353341D0065C833 /* SoundItemCollectionViewCell.xib in Resources */ = {isa = PBXBuildFile; fileRef = 02729C1E2353341D0065C833 /* SoundItemCollectionViewCell.xib */; };
		02F383C7231AB55700FF8F69 /* AppDelegate.swift in Sources */ = {isa = PBXBuildFile; fileRef = 02F383C6231AB55700FF8F69 /* AppDelegate.swift */; };
		02F383CE231AB55800FF8F69 /* Assets.xcassets in Resources */ = {isa = PBXBuildFile; fileRef = 02F383CD231AB55800FF8F69 /* Assets.xcassets */; };
		02F383D1231AB55800FF8F69 /* LaunchScreen.storyboard in Resources */ = {isa = PBXBuildFile; fileRef = 02F383CF231AB55800FF8F69 /* LaunchScreen.storyboard */; };
		02F383DC231AB55800FF8F69 /* KickerKillTests.swift in Sources */ = {isa = PBXBuildFile; fileRef = 02F383DB231AB55800FF8F69 /* KickerKillTests.swift */; };
		02F383E7231AB55900FF8F69 /* KickerKillUITests.swift in Sources */ = {isa = PBXBuildFile; fileRef = 02F383E6231AB55900FF8F69 /* KickerKillUITests.swift */; };
		02FF0D12235FA9170057FF1F /* one_frag_left.mp3 in Resources */ = {isa = PBXBuildFile; fileRef = 02FF0D11235FA9170057FF1F /* one_frag_left.mp3 */; };
		02FF0D1D235FAF2D0057FF1F /* head_shot.mp3 in Resources */ = {isa = PBXBuildFile; fileRef = 02FF0D14235FAF2D0057FF1F /* head_shot.mp3 */; };
		02FF0D1E235FAF2D0057FF1F /* god_like.mp3 in Resources */ = {isa = PBXBuildFile; fileRef = 02FF0D15235FAF2D0057FF1F /* god_like.mp3 */; };
		02FF0D1F235FAF2D0057FF1F /* monster_kill.mp3 in Resources */ = {isa = PBXBuildFile; fileRef = 02FF0D16235FAF2D0057FF1F /* monster_kill.mp3 */; };
		02FF0D20235FAF2D0057FF1F /* unstopable.mp3 in Resources */ = {isa = PBXBuildFile; fileRef = 02FF0D17235FAF2D0057FF1F /* unstopable.mp3 */; };
		02FF0D21235FAF2D0057FF1F /* double kill.mp3 in Resources */ = {isa = PBXBuildFile; fileRef = 02FF0D18235FAF2D0057FF1F /* double kill.mp3 */; };
		02FF0D22235FAF2D0057FF1F /* dominating.mp3 in Resources */ = {isa = PBXBuildFile; fileRef = 02FF0D19235FAF2D0057FF1F /* dominating.mp3 */; };
		02FF0D23235FAF2D0057FF1F /* first_blood.mp3 in Resources */ = {isa = PBXBuildFile; fileRef = 02FF0D1A235FAF2D0057FF1F /* first_blood.mp3 */; };
		02FF0D24235FAF2D0057FF1F /* killing_spreed.mp3 in Resources */ = {isa = PBXBuildFile; fileRef = 02FF0D1B235FAF2D0057FF1F /* killing_spreed.mp3 */; };
		02FF0D25235FAF2D0057FF1F /* you_have_lost_the_match.mp3 in Resources */ = {isa = PBXBuildFile; fileRef = 02FF0D1C235FAF2D0057FF1F /* you_have_lost_the_match.mp3 */; };
		0964D69190A77EDFD805B7BC /* Pods_KickerKillTests.framework in Frameworks */ = {isa = PBXBuildFile; fileRef = 90AB08E744141C4883417CAA /* Pods_KickerKillTests.framework */; };
		13E7FE70E44831F1FAC8F0D1 /* Pods_KickerKill.framework in Frameworks */ = {isa = PBXBuildFile; fileRef = 2B653DCDBB7A830A85F4EEA5 /* Pods_KickerKill.framework */; };
		2F18C4B3C80ADB5B301AF402 /* Pods_KickerKill_KickerKillUITests.framework in Frameworks */ = {isa = PBXBuildFile; fileRef = D7A41B6E43DCC586C77EF1F0 /* Pods_KickerKill_KickerKillUITests.framework */; };
/* End PBXBuildFile section */

/* Begin PBXContainerItemProxy section */
		02F383D8231AB55800FF8F69 /* PBXContainerItemProxy */ = {
			isa = PBXContainerItemProxy;
			containerPortal = 02F383BB231AB55700FF8F69 /* Project object */;
			proxyType = 1;
			remoteGlobalIDString = 02F383C2231AB55700FF8F69;
			remoteInfo = KickerKill;
		};
		02F383E3231AB55800FF8F69 /* PBXContainerItemProxy */ = {
			isa = PBXContainerItemProxy;
			containerPortal = 02F383BB231AB55700FF8F69 /* Project object */;
			proxyType = 1;
			remoteGlobalIDString = 02F383C2231AB55700FF8F69;
			remoteInfo = KickerKill;
		};
/* End PBXContainerItemProxy section */

/* Begin PBXFileReference section */
		020069DD23DCB1F600FB2EA8 /* GoogleService-Info.plist */ = {isa = PBXFileReference; fileEncoding = 4; lastKnownFileType = text.plist.xml; path = "GoogleService-Info.plist"; sourceTree = "<group>"; };
		02172A45235335D900CE66B8 /* Identifiable.swift */ = {isa = PBXFileReference; lastKnownFileType = sourcecode.swift; path = Identifiable.swift; sourceTree = "<group>"; };
		02255177232414B200B7A42A /* BaseNavigationController.swift */ = {isa = PBXFileReference; lastKnownFileType = sourcecode.swift; path = BaseNavigationController.swift; sourceTree = "<group>"; };
		0225517A2324151D00B7A42A /* BaseWireframe.swift */ = {isa = PBXFileReference; lastKnownFileType = sourcecode.swift; path = BaseWireframe.swift; sourceTree = "<group>"; };
		0225517E2324174700B7A42A /* SoundEffectsWireframe.swift */ = {isa = PBXFileReference; lastKnownFileType = sourcecode.swift; path = SoundEffectsWireframe.swift; sourceTree = "<group>"; };
		022551802324185500B7A42A /* UIStoryboardExtension.swift */ = {isa = PBXFileReference; lastKnownFileType = sourcecode.swift; path = UIStoryboardExtension.swift; sourceTree = "<group>"; };
		02255182232418B200B7A42A /* SoundEffectsViewController.swift */ = {isa = PBXFileReference; lastKnownFileType = sourcecode.swift; path = SoundEffectsViewController.swift; sourceTree = "<group>"; };
		022551842324192600B7A42A /* SoundEffectsInteractor.swift */ = {isa = PBXFileReference; lastKnownFileType = sourcecode.swift; path = SoundEffectsInteractor.swift; sourceTree = "<group>"; };
		022551862324199400B7A42A /* SoundEffectsInterfaces.swift */ = {isa = PBXFileReference; lastKnownFileType = sourcecode.swift; path = SoundEffectsInterfaces.swift; sourceTree = "<group>"; };
		02255188232419D800B7A42A /* PresenterInterface.swift */ = {isa = PBXFileReference; lastKnownFileType = sourcecode.swift; path = PresenterInterface.swift; sourceTree = "<group>"; };
		0225518A23241A0A00B7A42A /* SoundEffectsPresenter.swift */ = {isa = PBXFileReference; lastKnownFileType = sourcecode.swift; path = SoundEffectsPresenter.swift; sourceTree = "<group>"; };
		02255190232420E500B7A42A /* SoundEffects.storyboard */ = {isa = PBXFileReference; lastKnownFileType = file.storyboard; path = SoundEffects.storyboard; sourceTree = "<group>"; };
		0233761A23EC9CA8009B1B16 /* SignIn.storyboard */ = {isa = PBXFileReference; lastKnownFileType = file.storyboard; path = SignIn.storyboard; sourceTree = "<group>"; };
		0233761C23EC9D55009B1B16 /* SignInBuilder.swift */ = {isa = PBXFileReference; lastKnownFileType = sourcecode.swift; path = SignInBuilder.swift; sourceTree = "<group>"; };
		0233761F23EC9E19009B1B16 /* SignInViewController.swift */ = {isa = PBXFileReference; lastKnownFileType = sourcecode.swift; path = SignInViewController.swift; sourceTree = "<group>"; };
		0233762223ECA5D5009B1B16 /* Player.swift */ = {isa = PBXFileReference; lastKnownFileType = sourcecode.swift; path = Player.swift; sourceTree = "<group>"; };
		02343577232D38D30007C98E /* SoundEffect.swift */ = {isa = PBXFileReference; lastKnownFileType = sourcecode.swift; path = SoundEffect.swift; sourceTree = "<group>"; };
		0234357C232D3C3F0007C98E /* SoundEffectData.swift */ = {isa = PBXFileReference; lastKnownFileType = sourcecode.swift; path = SoundEffectData.swift; sourceTree = "<group>"; };
		0234357F232D3F010007C98E /* SoundItemCollectionViewCell.swift */ = {isa = PBXFileReference; lastKnownFileType = sourcecode.swift; path = SoundItemCollectionViewCell.swift; sourceTree = "<group>"; };
		023900C5235B6D4800325717 /* impressive.mp3 */ = {isa = PBXFileReference; lastKnownFileType = audio.mp3; path = impressive.mp3; sourceTree = "<group>"; };
		023900C6235B6D4800325717 /* denied.mp3 */ = {isa = PBXFileReference; lastKnownFileType = audio.mp3; path = denied.mp3; sourceTree = "<group>"; };
		023900C7235B6D4800325717 /* humiliation.mp3 */ = {isa = PBXFileReference; lastKnownFileType = audio.mp3; path = humiliation.mp3; sourceTree = "<group>"; };
		023900C8235B6D4800325717 /* prepare_to_fight.mp3 */ = {isa = PBXFileReference; lastKnownFileType = audio.mp3; path = prepare_to_fight.mp3; sourceTree = "<group>"; };
		023900C9235B6D4800325717 /* holy_shit.mp3 */ = {isa = PBXFileReference; lastKnownFileType = audio.mp3; path = holy_shit.mp3; sourceTree = "<group>"; };
		023900CF235B6E1F00325717 /* AudioPlayer.swift */ = {isa = PBXFileReference; lastKnownFileType = sourcecode.swift; path = AudioPlayer.swift; sourceTree = "<group>"; };
		023900D2235B72A300325717 /* AVFoundation.framework */ = {isa = PBXFileReference; lastKnownFileType = wrapper.framework; name = AVFoundation.framework; path = System/Library/Frameworks/AVFoundation.framework; sourceTree = SDKROOT; };
		023900D4235B7BD100325717 /* UICollectionView+Extensions.swift */ = {isa = PBXFileReference; lastKnownFileType = sourcecode.swift; path = "UICollectionView+Extensions.swift"; sourceTree = "<group>"; };
		02729C1E2353341D0065C833 /* SoundItemCollectionViewCell.xib */ = {isa = PBXFileReference; lastKnownFileType = file.xib; path = SoundItemCollectionViewCell.xib; sourceTree = "<group>"; };
		02F383C3231AB55700FF8F69 /* KickerKill.app */ = {isa = PBXFileReference; explicitFileType = wrapper.application; includeInIndex = 0; path = KickerKill.app; sourceTree = BUILT_PRODUCTS_DIR; };
		02F383C6231AB55700FF8F69 /* AppDelegate.swift */ = {isa = PBXFileReference; lastKnownFileType = sourcecode.swift; path = AppDelegate.swift; sourceTree = "<group>"; };
		02F383CD231AB55800FF8F69 /* Assets.xcassets */ = {isa = PBXFileReference; lastKnownFileType = folder.assetcatalog; path = Assets.xcassets; sourceTree = "<group>"; };
		02F383D0231AB55800FF8F69 /* Base */ = {isa = PBXFileReference; lastKnownFileType = file.storyboard; name = Base; path = Base.lproj/LaunchScreen.storyboard; sourceTree = "<group>"; };
		02F383D2231AB55800FF8F69 /* Info.plist */ = {isa = PBXFileReference; lastKnownFileType = text.plist.xml; path = Info.plist; sourceTree = "<group>"; };
		02F383D7231AB55800FF8F69 /* KickerKillTests.xctest */ = {isa = PBXFileReference; explicitFileType = wrapper.cfbundle; includeInIndex = 0; path = KickerKillTests.xctest; sourceTree = BUILT_PRODUCTS_DIR; };
		02F383DB231AB55800FF8F69 /* KickerKillTests.swift */ = {isa = PBXFileReference; lastKnownFileType = sourcecode.swift; path = KickerKillTests.swift; sourceTree = "<group>"; };
		02F383DD231AB55800FF8F69 /* Info.plist */ = {isa = PBXFileReference; lastKnownFileType = text.plist.xml; path = Info.plist; sourceTree = "<group>"; };
		02F383E2231AB55800FF8F69 /* KickerKillUITests.xctest */ = {isa = PBXFileReference; explicitFileType = wrapper.cfbundle; includeInIndex = 0; path = KickerKillUITests.xctest; sourceTree = BUILT_PRODUCTS_DIR; };
		02F383E6231AB55900FF8F69 /* KickerKillUITests.swift */ = {isa = PBXFileReference; lastKnownFileType = sourcecode.swift; path = KickerKillUITests.swift; sourceTree = "<group>"; };
		02F383E8231AB55900FF8F69 /* Info.plist */ = {isa = PBXFileReference; lastKnownFileType = text.plist.xml; path = Info.plist; sourceTree = "<group>"; };
		02FF0D11235FA9170057FF1F /* one_frag_left.mp3 */ = {isa = PBXFileReference; lastKnownFileType = audio.mp3; name = one_frag_left.mp3; path = "../../../../../../../Desktop/quake audios/one_frag_left.mp3"; sourceTree = "<group>"; };
		02FF0D14235FAF2D0057FF1F /* head_shot.mp3 */ = {isa = PBXFileReference; lastKnownFileType = audio.mp3; name = head_shot.mp3; path = "../../../../../../../../Desktop/unreal audio tracks/head_shot.mp3"; sourceTree = "<group>"; };
		02FF0D15235FAF2D0057FF1F /* god_like.mp3 */ = {isa = PBXFileReference; lastKnownFileType = audio.mp3; name = god_like.mp3; path = "../../../../../../../../Desktop/unreal audio tracks/god_like.mp3"; sourceTree = "<group>"; };
		02FF0D16235FAF2D0057FF1F /* monster_kill.mp3 */ = {isa = PBXFileReference; lastKnownFileType = audio.mp3; name = monster_kill.mp3; path = "../../../../../../../../Desktop/unreal audio tracks/monster_kill.mp3"; sourceTree = "<group>"; };
		02FF0D17235FAF2D0057FF1F /* unstopable.mp3 */ = {isa = PBXFileReference; lastKnownFileType = audio.mp3; name = unstopable.mp3; path = "../../../../../../../../Desktop/unreal audio tracks/unstopable.mp3"; sourceTree = "<group>"; };
		02FF0D18235FAF2D0057FF1F /* double kill.mp3 */ = {isa = PBXFileReference; lastKnownFileType = audio.mp3; name = "double kill.mp3"; path = "../../../../../../../../Desktop/unreal audio tracks/double kill.mp3"; sourceTree = "<group>"; };
		02FF0D19235FAF2D0057FF1F /* dominating.mp3 */ = {isa = PBXFileReference; lastKnownFileType = audio.mp3; name = dominating.mp3; path = "../../../../../../../../Desktop/unreal audio tracks/dominating.mp3"; sourceTree = "<group>"; };
		02FF0D1A235FAF2D0057FF1F /* first_blood.mp3 */ = {isa = PBXFileReference; lastKnownFileType = audio.mp3; name = first_blood.mp3; path = "../../../../../../../../Desktop/unreal audio tracks/first_blood.mp3"; sourceTree = "<group>"; };
		02FF0D1B235FAF2D0057FF1F /* killing_spreed.mp3 */ = {isa = PBXFileReference; lastKnownFileType = audio.mp3; name = killing_spreed.mp3; path = "../../../../../../../../Desktop/unreal audio tracks/killing_spreed.mp3"; sourceTree = "<group>"; };
		02FF0D1C235FAF2D0057FF1F /* you_have_lost_the_match.mp3 */ = {isa = PBXFileReference; lastKnownFileType = audio.mp3; name = you_have_lost_the_match.mp3; path = "../../../../../../../../Desktop/unreal audio tracks/you_have_lost_the_match.mp3"; sourceTree = "<group>"; };
		2B653DCDBB7A830A85F4EEA5 /* Pods_KickerKill.framework */ = {isa = PBXFileReference; explicitFileType = wrapper.framework; includeInIndex = 0; path = Pods_KickerKill.framework; sourceTree = BUILT_PRODUCTS_DIR; };
		3AE8B7B6A4DD26A1431155A6 /* Pods-KickerKill-KickerKillUITests.debug.xcconfig */ = {isa = PBXFileReference; includeInIndex = 1; lastKnownFileType = text.xcconfig; name = "Pods-KickerKill-KickerKillUITests.debug.xcconfig"; path = "Target Support Files/Pods-KickerKill-KickerKillUITests/Pods-KickerKill-KickerKillUITests.debug.xcconfig"; sourceTree = "<group>"; };
		76E8A76E20C73009FAF34060 /* Pods-KickerKillTests.release.xcconfig */ = {isa = PBXFileReference; includeInIndex = 1; lastKnownFileType = text.xcconfig; name = "Pods-KickerKillTests.release.xcconfig"; path = "Target Support Files/Pods-KickerKillTests/Pods-KickerKillTests.release.xcconfig"; sourceTree = "<group>"; };
		8CACA1EE6FD1485560BA0683 /* Pods-KickerKill-KickerKillUITests.release.xcconfig */ = {isa = PBXFileReference; includeInIndex = 1; lastKnownFileType = text.xcconfig; name = "Pods-KickerKill-KickerKillUITests.release.xcconfig"; path = "Target Support Files/Pods-KickerKill-KickerKillUITests/Pods-KickerKill-KickerKillUITests.release.xcconfig"; sourceTree = "<group>"; };
		90AB08E744141C4883417CAA /* Pods_KickerKillTests.framework */ = {isa = PBXFileReference; explicitFileType = wrapper.framework; includeInIndex = 0; path = Pods_KickerKillTests.framework; sourceTree = BUILT_PRODUCTS_DIR; };
		AD630E94FE8D9C278F64A4F5 /* Pods-KickerKillTests.debug.xcconfig */ = {isa = PBXFileReference; includeInIndex = 1; lastKnownFileType = text.xcconfig; name = "Pods-KickerKillTests.debug.xcconfig"; path = "Target Support Files/Pods-KickerKillTests/Pods-KickerKillTests.debug.xcconfig"; sourceTree = "<group>"; };
		D7A41B6E43DCC586C77EF1F0 /* Pods_KickerKill_KickerKillUITests.framework */ = {isa = PBXFileReference; explicitFileType = wrapper.framework; includeInIndex = 0; path = Pods_KickerKill_KickerKillUITests.framework; sourceTree = BUILT_PRODUCTS_DIR; };
		D82586FA2CA5345E4D1C7A2C /* Pods-KickerKill.release.xcconfig */ = {isa = PBXFileReference; includeInIndex = 1; lastKnownFileType = text.xcconfig; name = "Pods-KickerKill.release.xcconfig"; path = "Target Support Files/Pods-KickerKill/Pods-KickerKill.release.xcconfig"; sourceTree = "<group>"; };
		E7513EED8118E1B051D4BD5A /* Pods-KickerKill.debug.xcconfig */ = {isa = PBXFileReference; includeInIndex = 1; lastKnownFileType = text.xcconfig; name = "Pods-KickerKill.debug.xcconfig"; path = "Target Support Files/Pods-KickerKill/Pods-KickerKill.debug.xcconfig"; sourceTree = "<group>"; };
/* End PBXFileReference section */

/* Begin PBXFrameworksBuildPhase section */
		02F383C0231AB55700FF8F69 /* Frameworks */ = {
			isa = PBXFrameworksBuildPhase;
			buildActionMask = 2147483647;
			files = (
				023900D3235B72A300325717 /* AVFoundation.framework in Frameworks */,
				13E7FE70E44831F1FAC8F0D1 /* Pods_KickerKill.framework in Frameworks */,
			);
			runOnlyForDeploymentPostprocessing = 0;
		};
		02F383D4231AB55800FF8F69 /* Frameworks */ = {
			isa = PBXFrameworksBuildPhase;
			buildActionMask = 2147483647;
			files = (
				0964D69190A77EDFD805B7BC /* Pods_KickerKillTests.framework in Frameworks */,
			);
			runOnlyForDeploymentPostprocessing = 0;
		};
		02F383DF231AB55800FF8F69 /* Frameworks */ = {
			isa = PBXFrameworksBuildPhase;
			buildActionMask = 2147483647;
			files = (
				2F18C4B3C80ADB5B301AF402 /* Pods_KickerKill_KickerKillUITests.framework in Frameworks */,
			);
			runOnlyForDeploymentPostprocessing = 0;
		};
/* End PBXFrameworksBuildPhase section */

/* Begin PBXGroup section */
		020069DC23DCB1F600FB2EA8 /* Resources */ = {
			isa = PBXGroup;
			children = (
				020069DD23DCB1F600FB2EA8 /* GoogleService-Info.plist */,
			);
			name = Resources;
			path = KickerKill/Resources;
			sourceTree = SOURCE_ROOT;
		};
		022551762324148D00B7A42A /* Application */ = {
			isa = PBXGroup;
			children = (
				020069DC23DCB1F600FB2EA8 /* Resources */,
				023900C4235B6D3700325717 /* Audios */,
				02F383C6231AB55700FF8F69 /* AppDelegate.swift */,
				02255177232414B200B7A42A /* BaseNavigationController.swift */,
				02172A45235335D900CE66B8 /* Identifiable.swift */,
				023900CF235B6E1F00325717 /* AudioPlayer.swift */,
				023900D4235B7BD100325717 /* UICollectionView+Extensions.swift */,
			);
			path = Application;
			sourceTree = "<group>";
		};
		022551792324150400B7A42A /* VIPER */ = {
			isa = PBXGroup;
			children = (
				0225517A2324151D00B7A42A /* BaseWireframe.swift */,
				022551802324185500B7A42A /* UIStoryboardExtension.swift */,
				02255188232419D800B7A42A /* PresenterInterface.swift */,
			);
			path = VIPER;
			sourceTree = "<group>";
		};
		0225517C232416AC00B7A42A /* Modules */ = {
			isa = PBXGroup;
			children = (
				0233761923EC9C47009B1B16 /* SignIn */,
				0225517D232416CD00B7A42A /* SoundEffects */,
			);
			path = Modules;
			sourceTree = "<group>";
		};
		0225517D232416CD00B7A42A /* SoundEffects */ = {
			isa = PBXGroup;
			children = (
				02255190232420E500B7A42A /* SoundEffects.storyboard */,
				022551862324199400B7A42A /* SoundEffectsInterfaces.swift */,
				0225517E2324174700B7A42A /* SoundEffectsWireframe.swift */,
				0234357B232D3B8F0007C98E /* View */,
				0234357A232D3B870007C98E /* Presenter */,
				02343579232D3B700007C98E /* Interactor */,
			);
			path = SoundEffects;
			sourceTree = "<group>";
		};
		0233761923EC9C47009B1B16 /* SignIn */ = {
			isa = PBXGroup;
			children = (
				0233761E23EC9DE7009B1B16 /* View */,
				0233761C23EC9D55009B1B16 /* SignInBuilder.swift */,
			);
			path = SignIn;
			sourceTree = "<group>";
		};
		0233761E23EC9DE7009B1B16 /* View */ = {
			isa = PBXGroup;
			children = (
				0233761A23EC9CA8009B1B16 /* SignIn.storyboard */,
				0233761F23EC9E19009B1B16 /* SignInViewController.swift */,
			);
			path = View;
			sourceTree = "<group>";
		};
		0233762123ECA5BB009B1B16 /* Models */ = {
			isa = PBXGroup;
			children = (
				0233762223ECA5D5009B1B16 /* Player.swift */,
			);
			path = Models;
			sourceTree = "<group>";
		};
		02343579232D3B700007C98E /* Interactor */ = {
			isa = PBXGroup;
			children = (
				02343577232D38D30007C98E /* SoundEffect.swift */,
				022551842324192600B7A42A /* SoundEffectsInteractor.swift */,
			);
			path = Interactor;
			sourceTree = "<group>";
		};
		0234357A232D3B870007C98E /* Presenter */ = {
			isa = PBXGroup;
			children = (
				0225518A23241A0A00B7A42A /* SoundEffectsPresenter.swift */,
				0234357C232D3C3F0007C98E /* SoundEffectData.swift */,
			);
			path = Presenter;
			sourceTree = "<group>";
		};
		0234357B232D3B8F0007C98E /* View */ = {
			isa = PBXGroup;
			children = (
				0234357E232D3EB30007C98E /* Cells */,
				02255182232418B200B7A42A /* SoundEffectsViewController.swift */,
			);
			path = View;
			sourceTree = "<group>";
		};
		0234357E232D3EB30007C98E /* Cells */ = {
			isa = PBXGroup;
			children = (
				0234357F232D3F010007C98E /* SoundItemCollectionViewCell.swift */,
				02729C1E2353341D0065C833 /* SoundItemCollectionViewCell.xib */,
			);
			path = Cells;
			sourceTree = "<group>";
		};
		023900C4235B6D3700325717 /* Audios */ = {
			isa = PBXGroup;
			children = (
				02FF0D13235FAF1F0057FF1F /* unreal */,
				023900C6235B6D4800325717 /* denied.mp3 */,
				023900C9235B6D4800325717 /* holy_shit.mp3 */,
				023900C7235B6D4800325717 /* humiliation.mp3 */,
				023900C5235B6D4800325717 /* impressive.mp3 */,
				023900C8235B6D4800325717 /* prepare_to_fight.mp3 */,
				02FF0D11235FA9170057FF1F /* one_frag_left.mp3 */,
			);
			path = Audios;
			sourceTree = "<group>";
		};
		023900D1235B72A300325717 /* Frameworks */ = {
			isa = PBXGroup;
			children = (
				023900D2235B72A300325717 /* AVFoundation.framework */,
				2B653DCDBB7A830A85F4EEA5 /* Pods_KickerKill.framework */,
				D7A41B6E43DCC586C77EF1F0 /* Pods_KickerKill_KickerKillUITests.framework */,
				90AB08E744141C4883417CAA /* Pods_KickerKillTests.framework */,
			);
			name = Frameworks;
			sourceTree = "<group>";
		};
		02F383BA231AB55700FF8F69 = {
			isa = PBXGroup;
			children = (
				02F383C5231AB55700FF8F69 /* KickerKill */,
				02F383DA231AB55800FF8F69 /* KickerKillTests */,
				02F383E5231AB55900FF8F69 /* KickerKillUITests */,
				02F383C4231AB55700FF8F69 /* Products */,
				023900D1235B72A300325717 /* Frameworks */,
				43645DBE04AFFC919373B75A /* Pods */,
			);
			sourceTree = "<group>";
		};
		02F383C4231AB55700FF8F69 /* Products */ = {
			isa = PBXGroup;
			children = (
				02F383C3231AB55700FF8F69 /* KickerKill.app */,
				02F383D7231AB55800FF8F69 /* KickerKillTests.xctest */,
				02F383E2231AB55800FF8F69 /* KickerKillUITests.xctest */,
			);
			name = Products;
			sourceTree = "<group>";
		};
		02F383C5231AB55700FF8F69 /* KickerKill */ = {
			isa = PBXGroup;
			children = (
				022551762324148D00B7A42A /* Application */,
				0233762123ECA5BB009B1B16 /* Models */,
				0225517C232416AC00B7A42A /* Modules */,
				022551792324150400B7A42A /* VIPER */,
				02F383CD231AB55800FF8F69 /* Assets.xcassets */,
				02F383CF231AB55800FF8F69 /* LaunchScreen.storyboard */,
				02F383D2231AB55800FF8F69 /* Info.plist */,
			);
			path = KickerKill;
			sourceTree = "<group>";
		};
		02F383DA231AB55800FF8F69 /* KickerKillTests */ = {
			isa = PBXGroup;
			children = (
				02F383DB231AB55800FF8F69 /* KickerKillTests.swift */,
				02F383DD231AB55800FF8F69 /* Info.plist */,
			);
			path = KickerKillTests;
			sourceTree = "<group>";
		};
		02F383E5231AB55900FF8F69 /* KickerKillUITests */ = {
			isa = PBXGroup;
			children = (
				02F383E6231AB55900FF8F69 /* KickerKillUITests.swift */,
				02F383E8231AB55900FF8F69 /* Info.plist */,
			);
			path = KickerKillUITests;
			sourceTree = "<group>";
		};
		02FF0D13235FAF1F0057FF1F /* unreal */ = {
			isa = PBXGroup;
			children = (
				02FF0D19235FAF2D0057FF1F /* dominating.mp3 */,
				02FF0D18235FAF2D0057FF1F /* double kill.mp3 */,
				02FF0D1A235FAF2D0057FF1F /* first_blood.mp3 */,
				02FF0D15235FAF2D0057FF1F /* god_like.mp3 */,
				02FF0D14235FAF2D0057FF1F /* head_shot.mp3 */,
				02FF0D1B235FAF2D0057FF1F /* killing_spreed.mp3 */,
				02FF0D16235FAF2D0057FF1F /* monster_kill.mp3 */,
				02FF0D17235FAF2D0057FF1F /* unstopable.mp3 */,
				02FF0D1C235FAF2D0057FF1F /* you_have_lost_the_match.mp3 */,
			);
			path = unreal;
			sourceTree = "<group>";
		};
		43645DBE04AFFC919373B75A /* Pods */ = {
			isa = PBXGroup;
			children = (
				E7513EED8118E1B051D4BD5A /* Pods-KickerKill.debug.xcconfig */,
				D82586FA2CA5345E4D1C7A2C /* Pods-KickerKill.release.xcconfig */,
				3AE8B7B6A4DD26A1431155A6 /* Pods-KickerKill-KickerKillUITests.debug.xcconfig */,
				8CACA1EE6FD1485560BA0683 /* Pods-KickerKill-KickerKillUITests.release.xcconfig */,
				AD630E94FE8D9C278F64A4F5 /* Pods-KickerKillTests.debug.xcconfig */,
				76E8A76E20C73009FAF34060 /* Pods-KickerKillTests.release.xcconfig */,
			);
			path = Pods;
			sourceTree = "<group>";
		};
/* End PBXGroup section */

/* Begin PBXNativeTarget section */
		02F383C2231AB55700FF8F69 /* KickerKill */ = {
			isa = PBXNativeTarget;
			buildConfigurationList = 02F383EB231AB55900FF8F69 /* Build configuration list for PBXNativeTarget "KickerKill" */;
			buildPhases = (
				45C4BF897293981BD6DE9508 /* [CP] Check Pods Manifest.lock */,
				02F383BF231AB55700FF8F69 /* Sources */,
				02F383C0231AB55700FF8F69 /* Frameworks */,
				02F383C1231AB55700FF8F69 /* Resources */,
				FD9DB68701FBA0E1C4A19702 /* [CP] Embed Pods Frameworks */,
				3697ABEB0DA33E104A3AB1A2 /* [CP] Copy Pods Resources */,
			);
			buildRules = (
			);
			dependencies = (
			);
			name = KickerKill;
			productName = KickerKill;
			productReference = 02F383C3231AB55700FF8F69 /* KickerKill.app */;
			productType = "com.apple.product-type.application";
		};
		02F383D6231AB55800FF8F69 /* KickerKillTests */ = {
			isa = PBXNativeTarget;
			buildConfigurationList = 02F383EE231AB55900FF8F69 /* Build configuration list for PBXNativeTarget "KickerKillTests" */;
			buildPhases = (
				32CEB107D9BC94F52516D271 /* [CP] Check Pods Manifest.lock */,
				02F383D3231AB55800FF8F69 /* Sources */,
				02F383D4231AB55800FF8F69 /* Frameworks */,
				02F383D5231AB55800FF8F69 /* Resources */,
			);
			buildRules = (
			);
			dependencies = (
				02F383D9231AB55800FF8F69 /* PBXTargetDependency */,
			);
			name = KickerKillTests;
			productName = KickerKillTests;
			productReference = 02F383D7231AB55800FF8F69 /* KickerKillTests.xctest */;
			productType = "com.apple.product-type.bundle.unit-test";
		};
		02F383E1231AB55800FF8F69 /* KickerKillUITests */ = {
			isa = PBXNativeTarget;
			buildConfigurationList = 02F383F1231AB55900FF8F69 /* Build configuration list for PBXNativeTarget "KickerKillUITests" */;
			buildPhases = (
				DEB3C9D24B0D7E851CA0A0D8 /* [CP] Check Pods Manifest.lock */,
				02F383DE231AB55800FF8F69 /* Sources */,
				02F383DF231AB55800FF8F69 /* Frameworks */,
				02F383E0231AB55800FF8F69 /* Resources */,
				A21099724BD5D64A78CC5B60 /* [CP] Embed Pods Frameworks */,
				919B65EDC687B2DCB9C3B8A9 /* [CP] Copy Pods Resources */,
			);
			buildRules = (
			);
			dependencies = (
				02F383E4231AB55800FF8F69 /* PBXTargetDependency */,
			);
			name = KickerKillUITests;
			productName = KickerKillUITests;
			productReference = 02F383E2231AB55800FF8F69 /* KickerKillUITests.xctest */;
			productType = "com.apple.product-type.bundle.ui-testing";
		};
/* End PBXNativeTarget section */

/* Begin PBXProject section */
		02F383BB231AB55700FF8F69 /* Project object */ = {
			isa = PBXProject;
			attributes = {
				LastSwiftUpdateCheck = 1030;
				LastUpgradeCheck = 1030;
				ORGANIZATIONNAME = "Antonio Carlos";
				TargetAttributes = {
					02F383C2231AB55700FF8F69 = {
						CreatedOnToolsVersion = 10.3;
					};
					02F383D6231AB55800FF8F69 = {
						CreatedOnToolsVersion = 10.3;
						TestTargetID = 02F383C2231AB55700FF8F69;
					};
					02F383E1231AB55800FF8F69 = {
						CreatedOnToolsVersion = 10.3;
						TestTargetID = 02F383C2231AB55700FF8F69;
					};
				};
			};
			buildConfigurationList = 02F383BE231AB55700FF8F69 /* Build configuration list for PBXProject "KickerKill" */;
			compatibilityVersion = "Xcode 9.3";
			developmentRegion = en;
			hasScannedForEncodings = 0;
			knownRegions = (
				en,
				Base,
			);
			mainGroup = 02F383BA231AB55700FF8F69;
			productRefGroup = 02F383C4231AB55700FF8F69 /* Products */;
			projectDirPath = "";
			projectRoot = "";
			targets = (
				02F383C2231AB55700FF8F69 /* KickerKill */,
				02F383D6231AB55800FF8F69 /* KickerKillTests */,
				02F383E1231AB55800FF8F69 /* KickerKillUITests */,
			);
		};
/* End PBXProject section */

/* Begin PBXResourcesBuildPhase section */
		02F383C1231AB55700FF8F69 /* Resources */ = {
			isa = PBXResourcesBuildPhase;
			buildActionMask = 2147483647;
			files = (
				02FF0D24235FAF2D0057FF1F /* killing_spreed.mp3 in Resources */,
				02FF0D21235FAF2D0057FF1F /* double kill.mp3 in Resources */,
				02255191232420E500B7A42A /* SoundEffects.storyboard in Resources */,
				02FF0D20235FAF2D0057FF1F /* unstopable.mp3 in Resources */,
				02FF0D25235FAF2D0057FF1F /* you_have_lost_the_match.mp3 in Resources */,
				023900CC235B6D4800325717 /* humiliation.mp3 in Resources */,
				02FF0D23235FAF2D0057FF1F /* first_blood.mp3 in Resources */,
				023900CB235B6D4800325717 /* denied.mp3 in Resources */,
				023900CA235B6D4800325717 /* impressive.mp3 in Resources */,
				02FF0D22235FAF2D0057FF1F /* dominating.mp3 in Resources */,
				02FF0D1E235FAF2D0057FF1F /* god_like.mp3 in Resources */,
				02FF0D12235FA9170057FF1F /* one_frag_left.mp3 in Resources */,
				02FF0D1D235FAF2D0057FF1F /* head_shot.mp3 in Resources */,
				023900CD235B6D4800325717 /* prepare_to_fight.mp3 in Resources */,
				02FF0D1F235FAF2D0057FF1F /* monster_kill.mp3 in Resources */,
				02F383D1231AB55800FF8F69 /* LaunchScreen.storyboard in Resources */,
				02F383CE231AB55800FF8F69 /* Assets.xcassets in Resources */,
				020069DF23DCB1FE00FB2EA8 /* GoogleService-Info.plist in Resources */,
				023900CE235B6D4800325717 /* holy_shit.mp3 in Resources */,
				0233761B23EC9CA8009B1B16 /* SignIn.storyboard in Resources */,
				02729C1F2353341D0065C833 /* SoundItemCollectionViewCell.xib in Resources */,
			);
			runOnlyForDeploymentPostprocessing = 0;
		};
		02F383D5231AB55800FF8F69 /* Resources */ = {
			isa = PBXResourcesBuildPhase;
			buildActionMask = 2147483647;
			files = (
			);
			runOnlyForDeploymentPostprocessing = 0;
		};
		02F383E0231AB55800FF8F69 /* Resources */ = {
			isa = PBXResourcesBuildPhase;
			buildActionMask = 2147483647;
			files = (
			);
			runOnlyForDeploymentPostprocessing = 0;
		};
/* End PBXResourcesBuildPhase section */

/* Begin PBXShellScriptBuildPhase section */
		32CEB107D9BC94F52516D271 /* [CP] Check Pods Manifest.lock */ = {
			isa = PBXShellScriptBuildPhase;
			buildActionMask = 2147483647;
			files = (
			);
			inputFileListPaths = (
			);
			inputPaths = (
				"${PODS_PODFILE_DIR_PATH}/Podfile.lock",
				"${PODS_ROOT}/Manifest.lock",
			);
			name = "[CP] Check Pods Manifest.lock";
			outputFileListPaths = (
			);
			outputPaths = (
				"$(DERIVED_FILE_DIR)/Pods-KickerKillTests-checkManifestLockResult.txt",
			);
			runOnlyForDeploymentPostprocessing = 0;
			shellPath = /bin/sh;
			shellScript = "diff \"${PODS_PODFILE_DIR_PATH}/Podfile.lock\" \"${PODS_ROOT}/Manifest.lock\" > /dev/null\nif [ $? != 0 ] ; then\n    # print error to STDERR\n    echo \"error: The sandbox is not in sync with the Podfile.lock. Run 'pod install' or update your CocoaPods installation.\" >&2\n    exit 1\nfi\n# This output is used by Xcode 'outputs' to avoid re-running this script phase.\necho \"SUCCESS\" > \"${SCRIPT_OUTPUT_FILE_0}\"\n";
			showEnvVarsInLog = 0;
		};
		3697ABEB0DA33E104A3AB1A2 /* [CP] Copy Pods Resources */ = {
			isa = PBXShellScriptBuildPhase;
			buildActionMask = 2147483647;
			files = (
			);
			inputFileListPaths = (
				"${PODS_ROOT}/Target Support Files/Pods-KickerKill/Pods-KickerKill-resources-${CONFIGURATION}-input-files.xcfilelist",
			);
			name = "[CP] Copy Pods Resources";
			outputFileListPaths = (
				"${PODS_ROOT}/Target Support Files/Pods-KickerKill/Pods-KickerKill-resources-${CONFIGURATION}-output-files.xcfilelist",
			);
			runOnlyForDeploymentPostprocessing = 0;
			shellPath = /bin/sh;
			shellScript = "\"${PODS_ROOT}/Target Support Files/Pods-KickerKill/Pods-KickerKill-resources.sh\"\n";
			showEnvVarsInLog = 0;
		};
		45C4BF897293981BD6DE9508 /* [CP] Check Pods Manifest.lock */ = {
			isa = PBXShellScriptBuildPhase;
			buildActionMask = 2147483647;
			files = (
			);
			inputFileListPaths = (
			);
			inputPaths = (
				"${PODS_PODFILE_DIR_PATH}/Podfile.lock",
				"${PODS_ROOT}/Manifest.lock",
			);
			name = "[CP] Check Pods Manifest.lock";
			outputFileListPaths = (
			);
			outputPaths = (
				"$(DERIVED_FILE_DIR)/Pods-KickerKill-checkManifestLockResult.txt",
			);
			runOnlyForDeploymentPostprocessing = 0;
			shellPath = /bin/sh;
			shellScript = "diff \"${PODS_PODFILE_DIR_PATH}/Podfile.lock\" \"${PODS_ROOT}/Manifest.lock\" > /dev/null\nif [ $? != 0 ] ; then\n    # print error to STDERR\n    echo \"error: The sandbox is not in sync with the Podfile.lock. Run 'pod install' or update your CocoaPods installation.\" >&2\n    exit 1\nfi\n# This output is used by Xcode 'outputs' to avoid re-running this script phase.\necho \"SUCCESS\" > \"${SCRIPT_OUTPUT_FILE_0}\"\n";
			showEnvVarsInLog = 0;
		};
		919B65EDC687B2DCB9C3B8A9 /* [CP] Copy Pods Resources */ = {
			isa = PBXShellScriptBuildPhase;
			buildActionMask = 2147483647;
			files = (
			);
			inputFileListPaths = (
				"${PODS_ROOT}/Target Support Files/Pods-KickerKill-KickerKillUITests/Pods-KickerKill-KickerKillUITests-resources-${CONFIGURATION}-input-files.xcfilelist",
			);
			name = "[CP] Copy Pods Resources";
			outputFileListPaths = (
				"${PODS_ROOT}/Target Support Files/Pods-KickerKill-KickerKillUITests/Pods-KickerKill-KickerKillUITests-resources-${CONFIGURATION}-output-files.xcfilelist",
			);
			runOnlyForDeploymentPostprocessing = 0;
			shellPath = /bin/sh;
			shellScript = "\"${PODS_ROOT}/Target Support Files/Pods-KickerKill-KickerKillUITests/Pods-KickerKill-KickerKillUITests-resources.sh\"\n";
			showEnvVarsInLog = 0;
		};
		A21099724BD5D64A78CC5B60 /* [CP] Embed Pods Frameworks */ = {
			isa = PBXShellScriptBuildPhase;
			buildActionMask = 2147483647;
			files = (
			);
			inputFileListPaths = (
				"${PODS_ROOT}/Target Support Files/Pods-KickerKill-KickerKillUITests/Pods-KickerKill-KickerKillUITests-frameworks-${CONFIGURATION}-input-files.xcfilelist",
			);
			name = "[CP] Embed Pods Frameworks";
			outputFileListPaths = (
				"${PODS_ROOT}/Target Support Files/Pods-KickerKill-KickerKillUITests/Pods-KickerKill-KickerKillUITests-frameworks-${CONFIGURATION}-output-files.xcfilelist",
			);
			runOnlyForDeploymentPostprocessing = 0;
			shellPath = /bin/sh;
			shellScript = "\"${PODS_ROOT}/Target Support Files/Pods-KickerKill-KickerKillUITests/Pods-KickerKill-KickerKillUITests-frameworks.sh\"\n";
			showEnvVarsInLog = 0;
		};
		DEB3C9D24B0D7E851CA0A0D8 /* [CP] Check Pods Manifest.lock */ = {
			isa = PBXShellScriptBuildPhase;
			buildActionMask = 2147483647;
			files = (
			);
			inputFileListPaths = (
			);
			inputPaths = (
				"${PODS_PODFILE_DIR_PATH}/Podfile.lock",
				"${PODS_ROOT}/Manifest.lock",
			);
			name = "[CP] Check Pods Manifest.lock";
			outputFileListPaths = (
			);
			outputPaths = (
				"$(DERIVED_FILE_DIR)/Pods-KickerKill-KickerKillUITests-checkManifestLockResult.txt",
			);
			runOnlyForDeploymentPostprocessing = 0;
			shellPath = /bin/sh;
			shellScript = "diff \"${PODS_PODFILE_DIR_PATH}/Podfile.lock\" \"${PODS_ROOT}/Manifest.lock\" > /dev/null\nif [ $? != 0 ] ; then\n    # print error to STDERR\n    echo \"error: The sandbox is not in sync with the Podfile.lock. Run 'pod install' or update your CocoaPods installation.\" >&2\n    exit 1\nfi\n# This output is used by Xcode 'outputs' to avoid re-running this script phase.\necho \"SUCCESS\" > \"${SCRIPT_OUTPUT_FILE_0}\"\n";
			showEnvVarsInLog = 0;
		};
		FD9DB68701FBA0E1C4A19702 /* [CP] Embed Pods Frameworks */ = {
			isa = PBXShellScriptBuildPhase;
			buildActionMask = 2147483647;
			files = (
			);
			inputFileListPaths = (
				"${PODS_ROOT}/Target Support Files/Pods-KickerKill/Pods-KickerKill-frameworks-${CONFIGURATION}-input-files.xcfilelist",
			);
			name = "[CP] Embed Pods Frameworks";
			outputFileListPaths = (
				"${PODS_ROOT}/Target Support Files/Pods-KickerKill/Pods-KickerKill-frameworks-${CONFIGURATION}-output-files.xcfilelist",
			);
			runOnlyForDeploymentPostprocessing = 0;
			shellPath = /bin/sh;
			shellScript = "\"${PODS_ROOT}/Target Support Files/Pods-KickerKill/Pods-KickerKill-frameworks.sh\"\n";
			showEnvVarsInLog = 0;
		};
/* End PBXShellScriptBuildPhase section */

/* Begin PBXSourcesBuildPhase section */
		02F383BF231AB55700FF8F69 /* Sources */ = {
			isa = PBXSourcesBuildPhase;
			buildActionMask = 2147483647;
			files = (
				022551872324199400B7A42A /* SoundEffectsInterfaces.swift in Sources */,
				0225517B2324151D00B7A42A /* BaseWireframe.swift in Sources */,
				023900D0235B6E1F00325717 /* AudioPlayer.swift in Sources */,
				023900D5235B7BD100325717 /* UICollectionView+Extensions.swift in Sources */,
				02343578232D38D30007C98E /* SoundEffect.swift in Sources */,
				0225517F2324174700B7A42A /* SoundEffectsWireframe.swift in Sources */,
				0234357D232D3C3F0007C98E /* SoundEffectData.swift in Sources */,
				022551812324185500B7A42A /* UIStoryboardExtension.swift in Sources */,
				0233761D23EC9D55009B1B16 /* SignInBuilder.swift in Sources */,
				02255178232414B200B7A42A /* BaseNavigationController.swift in Sources */,
				02255183232418B200B7A42A /* SoundEffectsViewController.swift in Sources */,
				022551852324192600B7A42A /* SoundEffectsInteractor.swift in Sources */,
				0225518B23241A0A00B7A42A /* SoundEffectsPresenter.swift in Sources */,
				02F383C7231AB55700FF8F69 /* AppDelegate.swift in Sources */,
				0233762023EC9E19009B1B16 /* SignInViewController.swift in Sources */,
				02172A46235335D900CE66B8 /* Identifiable.swift in Sources */,
				0233762323ECA5D5009B1B16 /* Player.swift in Sources */,
				02343580232D3F010007C98E /* SoundItemCollectionViewCell.swift in Sources */,
				02255189232419D800B7A42A /* PresenterInterface.swift in Sources */,
			);
			runOnlyForDeploymentPostprocessing = 0;
		};
		02F383D3231AB55800FF8F69 /* Sources */ = {
			isa = PBXSourcesBuildPhase;
			buildActionMask = 2147483647;
			files = (
				02F383DC231AB55800FF8F69 /* KickerKillTests.swift in Sources */,
			);
			runOnlyForDeploymentPostprocessing = 0;
		};
		02F383DE231AB55800FF8F69 /* Sources */ = {
			isa = PBXSourcesBuildPhase;
			buildActionMask = 2147483647;
			files = (
				02F383E7231AB55900FF8F69 /* KickerKillUITests.swift in Sources */,
			);
			runOnlyForDeploymentPostprocessing = 0;
		};
/* End PBXSourcesBuildPhase section */

/* Begin PBXTargetDependency section */
		02F383D9231AB55800FF8F69 /* PBXTargetDependency */ = {
			isa = PBXTargetDependency;
			target = 02F383C2231AB55700FF8F69 /* KickerKill */;
			targetProxy = 02F383D8231AB55800FF8F69 /* PBXContainerItemProxy */;
		};
		02F383E4231AB55800FF8F69 /* PBXTargetDependency */ = {
			isa = PBXTargetDependency;
			target = 02F383C2231AB55700FF8F69 /* KickerKill */;
			targetProxy = 02F383E3231AB55800FF8F69 /* PBXContainerItemProxy */;
		};
/* End PBXTargetDependency section */

/* Begin PBXVariantGroup section */
		02F383CF231AB55800FF8F69 /* LaunchScreen.storyboard */ = {
			isa = PBXVariantGroup;
			children = (
				02F383D0231AB55800FF8F69 /* Base */,
			);
			name = LaunchScreen.storyboard;
			sourceTree = "<group>";
		};
/* End PBXVariantGroup section */

/* Begin XCBuildConfiguration section */
		02F383E9231AB55900FF8F69 /* Debug */ = {
			isa = XCBuildConfiguration;
			buildSettings = {
				ALWAYS_SEARCH_USER_PATHS = NO;
				CLANG_ANALYZER_NONNULL = YES;
				CLANG_ANALYZER_NUMBER_OBJECT_CONVERSION = YES_AGGRESSIVE;
				CLANG_CXX_LANGUAGE_STANDARD = "gnu++14";
				CLANG_CXX_LIBRARY = "libc++";
				CLANG_ENABLE_MODULES = YES;
				CLANG_ENABLE_OBJC_ARC = YES;
				CLANG_ENABLE_OBJC_WEAK = YES;
				CLANG_WARN_BLOCK_CAPTURE_AUTORELEASING = YES;
				CLANG_WARN_BOOL_CONVERSION = YES;
				CLANG_WARN_COMMA = YES;
				CLANG_WARN_CONSTANT_CONVERSION = YES;
				CLANG_WARN_DEPRECATED_OBJC_IMPLEMENTATIONS = YES;
				CLANG_WARN_DIRECT_OBJC_ISA_USAGE = YES_ERROR;
				CLANG_WARN_DOCUMENTATION_COMMENTS = YES;
				CLANG_WARN_EMPTY_BODY = YES;
				CLANG_WARN_ENUM_CONVERSION = YES;
				CLANG_WARN_INFINITE_RECURSION = YES;
				CLANG_WARN_INT_CONVERSION = YES;
				CLANG_WARN_NON_LITERAL_NULL_CONVERSION = YES;
				CLANG_WARN_OBJC_IMPLICIT_RETAIN_SELF = YES;
				CLANG_WARN_OBJC_LITERAL_CONVERSION = YES;
				CLANG_WARN_OBJC_ROOT_CLASS = YES_ERROR;
				CLANG_WARN_RANGE_LOOP_ANALYSIS = YES;
				CLANG_WARN_STRICT_PROTOTYPES = YES;
				CLANG_WARN_SUSPICIOUS_MOVE = YES;
				CLANG_WARN_UNGUARDED_AVAILABILITY = YES_AGGRESSIVE;
				CLANG_WARN_UNREACHABLE_CODE = YES;
				CLANG_WARN__DUPLICATE_METHOD_MATCH = YES;
				CODE_SIGN_IDENTITY = "iPhone Developer";
				COPY_PHASE_STRIP = NO;
				DEBUG_INFORMATION_FORMAT = dwarf;
				ENABLE_STRICT_OBJC_MSGSEND = YES;
				ENABLE_TESTABILITY = YES;
				GCC_C_LANGUAGE_STANDARD = gnu11;
				GCC_DYNAMIC_NO_PIC = NO;
				GCC_NO_COMMON_BLOCKS = YES;
				GCC_OPTIMIZATION_LEVEL = 0;
				GCC_PREPROCESSOR_DEFINITIONS = (
					"DEBUG=1",
					"$(inherited)",
				);
				GCC_WARN_64_TO_32_BIT_CONVERSION = YES;
				GCC_WARN_ABOUT_RETURN_TYPE = YES_ERROR;
				GCC_WARN_UNDECLARED_SELECTOR = YES;
				GCC_WARN_UNINITIALIZED_AUTOS = YES_AGGRESSIVE;
				GCC_WARN_UNUSED_FUNCTION = YES;
				GCC_WARN_UNUSED_VARIABLE = YES;
				IPHONEOS_DEPLOYMENT_TARGET = 12.4;
				MTL_ENABLE_DEBUG_INFO = INCLUDE_SOURCE;
				MTL_FAST_MATH = YES;
				ONLY_ACTIVE_ARCH = YES;
				SDKROOT = iphoneos;
				SWIFT_ACTIVE_COMPILATION_CONDITIONS = DEBUG;
				SWIFT_OPTIMIZATION_LEVEL = "-Onone";
			};
			name = Debug;
		};
		02F383EA231AB55900FF8F69 /* Release */ = {
			isa = XCBuildConfiguration;
			buildSettings = {
				ALWAYS_SEARCH_USER_PATHS = NO;
				CLANG_ANALYZER_NONNULL = YES;
				CLANG_ANALYZER_NUMBER_OBJECT_CONVERSION = YES_AGGRESSIVE;
				CLANG_CXX_LANGUAGE_STANDARD = "gnu++14";
				CLANG_CXX_LIBRARY = "libc++";
				CLANG_ENABLE_MODULES = YES;
				CLANG_ENABLE_OBJC_ARC = YES;
				CLANG_ENABLE_OBJC_WEAK = YES;
				CLANG_WARN_BLOCK_CAPTURE_AUTORELEASING = YES;
				CLANG_WARN_BOOL_CONVERSION = YES;
				CLANG_WARN_COMMA = YES;
				CLANG_WARN_CONSTANT_CONVERSION = YES;
				CLANG_WARN_DEPRECATED_OBJC_IMPLEMENTATIONS = YES;
				CLANG_WARN_DIRECT_OBJC_ISA_USAGE = YES_ERROR;
				CLANG_WARN_DOCUMENTATION_COMMENTS = YES;
				CLANG_WARN_EMPTY_BODY = YES;
				CLANG_WARN_ENUM_CONVERSION = YES;
				CLANG_WARN_INFINITE_RECURSION = YES;
				CLANG_WARN_INT_CONVERSION = YES;
				CLANG_WARN_NON_LITERAL_NULL_CONVERSION = YES;
				CLANG_WARN_OBJC_IMPLICIT_RETAIN_SELF = YES;
				CLANG_WARN_OBJC_LITERAL_CONVERSION = YES;
				CLANG_WARN_OBJC_ROOT_CLASS = YES_ERROR;
				CLANG_WARN_RANGE_LOOP_ANALYSIS = YES;
				CLANG_WARN_STRICT_PROTOTYPES = YES;
				CLANG_WARN_SUSPICIOUS_MOVE = YES;
				CLANG_WARN_UNGUARDED_AVAILABILITY = YES_AGGRESSIVE;
				CLANG_WARN_UNREACHABLE_CODE = YES;
				CLANG_WARN__DUPLICATE_METHOD_MATCH = YES;
				CODE_SIGN_IDENTITY = "iPhone Developer";
				COPY_PHASE_STRIP = NO;
				DEBUG_INFORMATION_FORMAT = "dwarf-with-dsym";
				ENABLE_NS_ASSERTIONS = NO;
				ENABLE_STRICT_OBJC_MSGSEND = YES;
				GCC_C_LANGUAGE_STANDARD = gnu11;
				GCC_NO_COMMON_BLOCKS = YES;
				GCC_WARN_64_TO_32_BIT_CONVERSION = YES;
				GCC_WARN_ABOUT_RETURN_TYPE = YES_ERROR;
				GCC_WARN_UNDECLARED_SELECTOR = YES;
				GCC_WARN_UNINITIALIZED_AUTOS = YES_AGGRESSIVE;
				GCC_WARN_UNUSED_FUNCTION = YES;
				GCC_WARN_UNUSED_VARIABLE = YES;
				IPHONEOS_DEPLOYMENT_TARGET = 12.4;
				MTL_ENABLE_DEBUG_INFO = NO;
				MTL_FAST_MATH = YES;
				SDKROOT = iphoneos;
				SWIFT_COMPILATION_MODE = wholemodule;
				SWIFT_OPTIMIZATION_LEVEL = "-O";
				VALIDATE_PRODUCT = YES;
			};
			name = Release;
		};
		02F383EC231AB55900FF8F69 /* Debug */ = {
			isa = XCBuildConfiguration;
			baseConfigurationReference = E7513EED8118E1B051D4BD5A /* Pods-KickerKill.debug.xcconfig */;
			buildSettings = {
				ASSETCATALOG_COMPILER_APPICON_NAME = AppIcon;
				CODE_SIGN_STYLE = Automatic;
				DEVELOPMENT_TEAM = MG2UCY5382;
				INFOPLIST_FILE = KickerKill/Info.plist;
				IPHONEOS_DEPLOYMENT_TARGET = 10.0;
				LD_RUNPATH_SEARCH_PATHS = (
					"$(inherited)",
					"@executable_path/Frameworks",
				);
				PRODUCT_BUNDLE_IDENTIFIER = br.com.tntstudios.KickerKill;
				PRODUCT_NAME = "$(TARGET_NAME)";
				SWIFT_VERSION = 5.0;
				TARGETED_DEVICE_FAMILY = "1,2";
			};
			name = Debug;
		};
		02F383ED231AB55900FF8F69 /* Release */ = {
			isa = XCBuildConfiguration;
			baseConfigurationReference = D82586FA2CA5345E4D1C7A2C /* Pods-KickerKill.release.xcconfig */;
			buildSettings = {
				ASSETCATALOG_COMPILER_APPICON_NAME = AppIcon;
				CODE_SIGN_STYLE = Automatic;
				DEVELOPMENT_TEAM = MG2UCY5382;
				INFOPLIST_FILE = KickerKill/Info.plist;
				IPHONEOS_DEPLOYMENT_TARGET = 10.0;
				LD_RUNPATH_SEARCH_PATHS = (
					"$(inherited)",
					"@executable_path/Frameworks",
				);
				PRODUCT_BUNDLE_IDENTIFIER = br.com.tntstudios.KickerKill;
				PRODUCT_NAME = "$(TARGET_NAME)";
				SWIFT_VERSION = 5.0;
				TARGETED_DEVICE_FAMILY = "1,2";
			};
			name = Release;
		};
		02F383EF231AB55900FF8F69 /* Debug */ = {
			isa = XCBuildConfiguration;
			baseConfigurationReference = AD630E94FE8D9C278F64A4F5 /* Pods-KickerKillTests.debug.xcconfig */;
			buildSettings = {
				ALWAYS_EMBED_SWIFT_STANDARD_LIBRARIES = YES;
				BUNDLE_LOADER = "$(TEST_HOST)";
				CODE_SIGN_STYLE = Automatic;
				DEVELOPMENT_TEAM = MG2UCY5382;
				INFOPLIST_FILE = KickerKillTests/Info.plist;
				LD_RUNPATH_SEARCH_PATHS = (
					"$(inherited)",
					"@executable_path/Frameworks",
					"@loader_path/Frameworks",
				);
				PRODUCT_BUNDLE_IDENTIFIER = br.com.tntstudios.KickerKillTests;
				PRODUCT_NAME = "$(TARGET_NAME)";
				SWIFT_VERSION = 5.0;
				TARGETED_DEVICE_FAMILY = "1,2";
				TEST_HOST = "$(BUILT_PRODUCTS_DIR)/KickerKill.app/KickerKill";
			};
			name = Debug;
		};
		02F383F0231AB55900FF8F69 /* Release */ = {
			isa = XCBuildConfiguration;
			baseConfigurationReference = 76E8A76E20C73009FAF34060 /* Pods-KickerKillTests.release.xcconfig */;
			buildSettings = {
				ALWAYS_EMBED_SWIFT_STANDARD_LIBRARIES = YES;
				BUNDLE_LOADER = "$(TEST_HOST)";
				CODE_SIGN_STYLE = Automatic;
				DEVELOPMENT_TEAM = MG2UCY5382;
				INFOPLIST_FILE = KickerKillTests/Info.plist;
				LD_RUNPATH_SEARCH_PATHS = (
					"$(inherited)",
					"@executable_path/Frameworks",
					"@loader_path/Frameworks",
				);
				PRODUCT_BUNDLE_IDENTIFIER = br.com.tntstudios.KickerKillTests;
				PRODUCT_NAME = "$(TARGET_NAME)";
				SWIFT_VERSION = 5.0;
				TARGETED_DEVICE_FAMILY = "1,2";
				TEST_HOST = "$(BUILT_PRODUCTS_DIR)/KickerKill.app/KickerKill";
			};
			name = Release;
		};
		02F383F2231AB55900FF8F69 /* Debug */ = {
			isa = XCBuildConfiguration;
			baseConfigurationReference = 3AE8B7B6A4DD26A1431155A6 /* Pods-KickerKill-KickerKillUITests.debug.xcconfig */;
			buildSettings = {
				ALWAYS_EMBED_SWIFT_STANDARD_LIBRARIES = YES;
				CODE_SIGN_STYLE = Automatic;
				DEVELOPMENT_TEAM = MG2UCY5382;
				INFOPLIST_FILE = KickerKillUITests/Info.plist;
				LD_RUNPATH_SEARCH_PATHS = (
					"$(inherited)",
					"@executable_path/Frameworks",
					"@loader_path/Frameworks",
				);
				PRODUCT_BUNDLE_IDENTIFIER = br.com.tntstudios.KickerKillUITests;
				PRODUCT_NAME = "$(TARGET_NAME)";
				SWIFT_VERSION = 5.0;
				TARGETED_DEVICE_FAMILY = "1,2";
				TEST_TARGET_NAME = KickerKill;
			};
			name = Debug;
		};
		02F383F3231AB55900FF8F69 /* Release */ = {
			isa = XCBuildConfiguration;
			baseConfigurationReference = 8CACA1EE6FD1485560BA0683 /* Pods-KickerKill-KickerKillUITests.release.xcconfig */;
			buildSettings = {
				ALWAYS_EMBED_SWIFT_STANDARD_LIBRARIES = YES;
				CODE_SIGN_STYLE = Automatic;
				DEVELOPMENT_TEAM = MG2UCY5382;
				INFOPLIST_FILE = KickerKillUITests/Info.plist;
				LD_RUNPATH_SEARCH_PATHS = (
					"$(inherited)",
					"@executable_path/Frameworks",
					"@loader_path/Frameworks",
				);
				PRODUCT_BUNDLE_IDENTIFIER = br.com.tntstudios.KickerKillUITests;
				PRODUCT_NAME = "$(TARGET_NAME)";
				SWIFT_VERSION = 5.0;
				TARGETED_DEVICE_FAMILY = "1,2";
				TEST_TARGET_NAME = KickerKill;
			};
			name = Release;
		};
/* End XCBuildConfiguration section */

/* Begin XCConfigurationList section */
		02F383BE231AB55700FF8F69 /* Build configuration list for PBXProject "KickerKill" */ = {
			isa = XCConfigurationList;
			buildConfigurations = (
				02F383E9231AB55900FF8F69 /* Debug */,
				02F383EA231AB55900FF8F69 /* Release */,
			);
			defaultConfigurationIsVisible = 0;
			defaultConfigurationName = Release;
		};
		02F383EB231AB55900FF8F69 /* Build configuration list for PBXNativeTarget "KickerKill" */ = {
			isa = XCConfigurationList;
			buildConfigurations = (
				02F383EC231AB55900FF8F69 /* Debug */,
				02F383ED231AB55900FF8F69 /* Release */,
			);
			defaultConfigurationIsVisible = 0;
			defaultConfigurationName = Release;
		};
		02F383EE231AB55900FF8F69 /* Build configuration list for PBXNativeTarget "KickerKillTests" */ = {
			isa = XCConfigurationList;
			buildConfigurations = (
				02F383EF231AB55900FF8F69 /* Debug */,
				02F383F0231AB55900FF8F69 /* Release */,
			);
			defaultConfigurationIsVisible = 0;
			defaultConfigurationName = Release;
		};
		02F383F1231AB55900FF8F69 /* Build configuration list for PBXNativeTarget "KickerKillUITests" */ = {
			isa = XCConfigurationList;
			buildConfigurations = (
				02F383F2231AB55900FF8F69 /* Debug */,
				02F383F3231AB55900FF8F69 /* Release */,
			);
			defaultConfigurationIsVisible = 0;
			defaultConfigurationName = Release;
		};
/* End XCConfigurationList section */
	};
	rootObject = 02F383BB231AB55700FF8F69 /* Project object */;
}
